// !$*UTF8*$!
{
	archiveVersion = 1;
	classes = {
	};
	objectVersion = 46;
	objects = {

/* Begin PBXBuildFile section */
		00E356F31AD99517003FC87E /* cuisineTests.m in Sources */ = {isa = PBXBuildFile; fileRef = 00E356F21AD99517003FC87E /* cuisineTests.m */; };
		0146A6ED82DA4B7A73E4D611 /* libPods-cuisineTests.a in Frameworks */ = {isa = PBXBuildFile; fileRef = FB8F1A9C150E4E79FB251792 /* libPods-cuisineTests.a */; };
		0413C4506FC546EFA60445CF /* Raleway-Thin.ttf in Resources */ = {isa = PBXBuildFile; fileRef = 0AE8180773714243BCBB6320 /* Raleway-Thin.ttf */; };
		047ED2B2A4C04536BC2D8D61 /* Raleway-Regular.ttf in Resources */ = {isa = PBXBuildFile; fileRef = 677964FD560E40B9B62510C0 /* Raleway-Regular.ttf */; };
		0AB591DDF82B4106AC848109 /* Raleway-Black.ttf in Resources */ = {isa = PBXBuildFile; fileRef = DB687BD61606404390E68DC5 /* Raleway-Black.ttf */; };
		0FC8FEF8C3AB456890768353 /* Raleway-Bold.ttf in Resources */ = {isa = PBXBuildFile; fileRef = 341F3ECD54DD464CB2485A14 /* Raleway-Bold.ttf */; };
		12EAB2932BCB43529847D3B6 /* Raleway-ExtraBoldItalic.ttf in Resources */ = {isa = PBXBuildFile; fileRef = 9AE678896E924EDD86899CDB /* Raleway-ExtraBoldItalic.ttf */; };
		13B07FBC1A68108700A75B9A /* AppDelegate.m in Sources */ = {isa = PBXBuildFile; fileRef = 13B07FB01A68108700A75B9A /* AppDelegate.m */; };
		13B07FBD1A68108700A75B9A /* LaunchScreen.xib in Resources */ = {isa = PBXBuildFile; fileRef = 13B07FB11A68108700A75B9A /* LaunchScreen.xib */; };
		13B07FBF1A68108700A75B9A /* Images.xcassets in Resources */ = {isa = PBXBuildFile; fileRef = 13B07FB51A68108700A75B9A /* Images.xcassets */; };
		13B07FC11A68108700A75B9A /* main.m in Sources */ = {isa = PBXBuildFile; fileRef = 13B07FB71A68108700A75B9A /* main.m */; };
		15E50D9D90D343118955EDE4 /* SimpleLineIcons.ttf in Resources */ = {isa = PBXBuildFile; fileRef = DFA201D122DC4F14AF23CD83 /* SimpleLineIcons.ttf */; };
		177EFB7E73FB4C4584FB2743 /* Raleway-LightItalic.ttf in Resources */ = {isa = PBXBuildFile; fileRef = 8B0460FE86DA4F67A2BDBAE5 /* Raleway-LightItalic.ttf */; };
		2D02E4BC1E0B4A80006451C7 /* AppDelegate.m in Sources */ = {isa = PBXBuildFile; fileRef = 13B07FB01A68108700A75B9A /* AppDelegate.m */; };
		2D02E4BD1E0B4A84006451C7 /* Images.xcassets in Resources */ = {isa = PBXBuildFile; fileRef = 13B07FB51A68108700A75B9A /* Images.xcassets */; };
		2D02E4BF1E0B4AB3006451C7 /* main.m in Sources */ = {isa = PBXBuildFile; fileRef = 13B07FB71A68108700A75B9A /* main.m */; };
		2DCD954D1E0B4F2C00145EB5 /* cuisineTests.m in Sources */ = {isa = PBXBuildFile; fileRef = 00E356F21AD99517003FC87E /* cuisineTests.m */; };
		2E8A21BB46254CE590452890 /* AntDesign.ttf in Resources */ = {isa = PBXBuildFile; fileRef = E8B19D095FCE467D8012E319 /* AntDesign.ttf */; };
		2F1489A2185B45F481C3C0E9 /* Raleway-ExtraLightItalic.ttf in Resources */ = {isa = PBXBuildFile; fileRef = 75ABDA8E9D0B48B8BA13E565 /* Raleway-ExtraLightItalic.ttf */; };
		3BA2C8A624BC4859969D6E14 /* FontAwesome.ttf in Resources */ = {isa = PBXBuildFile; fileRef = 5B47259A23844337A52616A6 /* FontAwesome.ttf */; };
		40D36013015540589C5ADB10 /* EvilIcons.ttf in Resources */ = {isa = PBXBuildFile; fileRef = BA06FF26AC114F61996B7415 /* EvilIcons.ttf */; };
		411EB2A212A64192AB3168AE /* MaterialIcons.ttf in Resources */ = {isa = PBXBuildFile; fileRef = AE496AD867F24A6EA261CB10 /* MaterialIcons.ttf */; };
		47DE55B1970D4C3A9F0593AD /* FontAwesome5_Regular.ttf in Resources */ = {isa = PBXBuildFile; fileRef = 489558700C7943E98B2FD7CD /* FontAwesome5_Regular.ttf */; };
		49828CB3FC33494EA82C538A /* Raleway-ThinItalic.ttf in Resources */ = {isa = PBXBuildFile; fileRef = E7FADDFC29024BF4B4714370 /* Raleway-ThinItalic.ttf */; };
		4CBCAEE136C54D5E8E22A0AC /* Fontisto.ttf in Resources */ = {isa = PBXBuildFile; fileRef = 4DE1707CD59746EDBC99C208 /* Fontisto.ttf */; };
		4FEBF381581941F9857F32E4 /* Entypo.ttf in Resources */ = {isa = PBXBuildFile; fileRef = 907EC8BF9203412486ADCB06 /* Entypo.ttf */; };
		5C5CE1B0B46447E7A55FBDE0 /* Raleway-MediumItalic.ttf in Resources */ = {isa = PBXBuildFile; fileRef = 8E58FE5C8A9545788B4EDD22 /* Raleway-MediumItalic.ttf */; };
		692B91A6E98D455D99334280 /* Raleway-RegularItalic.ttf in Resources */ = {isa = PBXBuildFile; fileRef = 6C0F08F9D4BA43F19E1AEDF5 /* Raleway-RegularItalic.ttf */; };
		69A7843ABAA24FB38F4F3CB2 /* Raleway-Medium.ttf in Resources */ = {isa = PBXBuildFile; fileRef = AC85AFB00BBE444E9836C282 /* Raleway-Medium.ttf */; };
		75397CEA48863DC97E566D27 /* libPods-cuisine-tvOS.a in Frameworks */ = {isa = PBXBuildFile; fileRef = 56743A31174FE509406400DC /* libPods-cuisine-tvOS.a */; };
		7D56CB03CD8741C08ADCBAA6 /* FontAwesome5_Brands.ttf in Resources */ = {isa = PBXBuildFile; fileRef = E8861198BAFD49A4A2091F26 /* FontAwesome5_Brands.ttf */; };
		7E9781842D124FB592DEC811 /* Ionicons.ttf in Resources */ = {isa = PBXBuildFile; fileRef = 638A7216F5314A4D8DD44D22 /* Ionicons.ttf */; };
		82FE22C260E9425499489D84 /* Raleway-BoldItalic.ttf in Resources */ = {isa = PBXBuildFile; fileRef = C678E1977B4C454A8A325B3E /* Raleway-BoldItalic.ttf */; };
		8A6393217D8A4CC38340209B /* Raleway-ExtraLight.ttf in Resources */ = {isa = PBXBuildFile; fileRef = 6AFC234C1D064D6D8BDC07DB /* Raleway-ExtraLight.ttf */; };
		973178DA00884A2AA208EC82 /* Zocial.ttf in Resources */ = {isa = PBXBuildFile; fileRef = 904752CF0E5B4C8BA787B4F3 /* Zocial.ttf */; };
		9A7E8B9B57FF4121BC7128C3 /* Raleway-BlackItalic.ttf in Resources */ = {isa = PBXBuildFile; fileRef = 59AA5A4983944E299836CB4A /* Raleway-BlackItalic.ttf */; };
		A050F2D2206F4A1CB45B2F4D /* Raleway-ExtraBold.ttf in Resources */ = {isa = PBXBuildFile; fileRef = 7292A13CE4324D788B5551BF /* Raleway-ExtraBold.ttf */; };
		A7A7B93130F978B9F9342891 /* libPods-cuisine.a in Frameworks */ = {isa = PBXBuildFile; fileRef = 6A8B4C7FA15F1BDA1C461147 /* libPods-cuisine.a */; };
		B3D64D5ABCD24158888827E0 /* Raleway-Light.ttf in Resources */ = {isa = PBXBuildFile; fileRef = B049C0A0BD93462FA8EA5F22 /* Raleway-Light.ttf */; };
		BF893C88D50C465490C3AAF7 /* Feather.ttf in Resources */ = {isa = PBXBuildFile; fileRef = 42E03948E84F4B468897DE07 /* Feather.ttf */; };
		C417BB2786E24546BB24F234 /* Foundation.ttf in Resources */ = {isa = PBXBuildFile; fileRef = 1B2D2FF6DB344418AAAEFE00 /* Foundation.ttf */; };
		CCF9A2B285BD47F580725690 /* MaterialCommunityIcons.ttf in Resources */ = {isa = PBXBuildFile; fileRef = C0A45BE1EAFB445E91E24550 /* MaterialCommunityIcons.ttf */; };
		D540327A5E8C8B110D65627D /* libPods-cuisine-tvOSTests.a in Frameworks */ = {isa = PBXBuildFile; fileRef = 94D46C7BA235979674C4C90B /* libPods-cuisine-tvOSTests.a */; };
		DCB889532324303E00F7AE95 /* AIRDummyView.m in Sources */ = {isa = PBXBuildFile; fileRef = DCB889212324303E00F7AE95 /* AIRDummyView.m */; };
		DCB889542324303E00F7AE95 /* AIRGoogleMapUrlTile.m in Sources */ = {isa = PBXBuildFile; fileRef = DCB889242324303E00F7AE95 /* AIRGoogleMapUrlTile.m */; };
		DCB889552324303E00F7AE95 /* AIRGoogleMapPolygonManager.m in Sources */ = {isa = PBXBuildFile; fileRef = DCB889272324303E00F7AE95 /* AIRGoogleMapPolygonManager.m */; };
		DCB889562324303E00F7AE95 /* AIRGoogleMapMarker.m in Sources */ = {isa = PBXBuildFile; fileRef = DCB8892A2324303E00F7AE95 /* AIRGoogleMapMarker.m */; };
		DCB889572324303E00F7AE95 /* AIRGMSPolygon.m in Sources */ = {isa = PBXBuildFile; fileRef = DCB8892E2324303E00F7AE95 /* AIRGMSPolygon.m */; };
		DCB889582324303E00F7AE95 /* AIRGoogleMapURLTileManager.m in Sources */ = {isa = PBXBuildFile; fileRef = DCB8892F2324303E00F7AE95 /* AIRGoogleMapURLTileManager.m */; };
		DCB889592324303E00F7AE95 /* AIRGoogleMapWMSTileManager.m in Sources */ = {isa = PBXBuildFile; fileRef = DCB889302324303E00F7AE95 /* AIRGoogleMapWMSTileManager.m */; };
		DCB8895A2324303E00F7AE95 /* AIRGoogleMapCircle.m in Sources */ = {isa = PBXBuildFile; fileRef = DCB889312324303E00F7AE95 /* AIRGoogleMapCircle.m */; };
		DCB8895B2324303E00F7AE95 /* AIRGoogleMapCircleManager.m in Sources */ = {isa = PBXBuildFile; fileRef = DCB889382324303E00F7AE95 /* AIRGoogleMapCircleManager.m */; };
		DCB8895C2324303E00F7AE95 /* AIRGoogleMapCalloutManager.m in Sources */ = {isa = PBXBuildFile; fileRef = DCB8893A2324303E00F7AE95 /* AIRGoogleMapCalloutManager.m */; };
		DCB8895D2324303E00F7AE95 /* AIRGoogleMapMarkerManager.m in Sources */ = {isa = PBXBuildFile; fileRef = DCB8893B2324303E00F7AE95 /* AIRGoogleMapMarkerManager.m */; };
		DCB8895E2324303E00F7AE95 /* AIRGoogleMapPolyline.m in Sources */ = {isa = PBXBuildFile; fileRef = DCB8893D2324303E00F7AE95 /* AIRGoogleMapPolyline.m */; };
		DCB8895F2324303E00F7AE95 /* AIRGoogleMapWMSTile.m in Sources */ = {isa = PBXBuildFile; fileRef = DCB8893E2324303E00F7AE95 /* AIRGoogleMapWMSTile.m */; };
		DCB889602324303E00F7AE95 /* AIRGoogleMapOverlay.m in Sources */ = {isa = PBXBuildFile; fileRef = DCB889412324303E00F7AE95 /* AIRGoogleMapOverlay.m */; };
		DCB889612324303E00F7AE95 /* AIRGMSPolyline.m in Sources */ = {isa = PBXBuildFile; fileRef = DCB889422324303E00F7AE95 /* AIRGMSPolyline.m */; };
		DCB889622324303E00F7AE95 /* AIRGoogleMapPolylineManager.m in Sources */ = {isa = PBXBuildFile; fileRef = DCB889432324303E00F7AE95 /* AIRGoogleMapPolylineManager.m */; };
		DCB889632324303E00F7AE95 /* AIRGoogleMapManager.m in Sources */ = {isa = PBXBuildFile; fileRef = DCB889442324303E00F7AE95 /* AIRGoogleMapManager.m */; };
		DCB889642324303E00F7AE95 /* RCTConvert+GMSMapViewType.m in Sources */ = {isa = PBXBuildFile; fileRef = DCB889472324303E00F7AE95 /* RCTConvert+GMSMapViewType.m */; };
		DCB889652324303E00F7AE95 /* AIRGoogleMapCalloutSubviewManager.m in Sources */ = {isa = PBXBuildFile; fileRef = DCB889482324303E00F7AE95 /* AIRGoogleMapCalloutSubviewManager.m */; };
		DCB889662324303E00F7AE95 /* AIRGoogleMapCallout.m in Sources */ = {isa = PBXBuildFile; fileRef = DCB889492324303E00F7AE95 /* AIRGoogleMapCallout.m */; };
		DCB889672324303E00F7AE95 /* AIRGoogleMapOverlayManager.m in Sources */ = {isa = PBXBuildFile; fileRef = DCB8894A2324303E00F7AE95 /* AIRGoogleMapOverlayManager.m */; };
		DCB889682324303E00F7AE95 /* AIRGoogleMap.m in Sources */ = {isa = PBXBuildFile; fileRef = DCB8894B2324303E00F7AE95 /* AIRGoogleMap.m */; };
		DCB889692324303E00F7AE95 /* AIRGoogleMapPolygon.m in Sources */ = {isa = PBXBuildFile; fileRef = DCB889502324303E00F7AE95 /* AIRGoogleMapPolygon.m */; };
		DCB8896A2324303E00F7AE95 /* AIRGMSMarker.m in Sources */ = {isa = PBXBuildFile; fileRef = DCB889512324303E00F7AE95 /* AIRGMSMarker.m */; };
		DCB8896B2324303E00F7AE95 /* AIRGoogleMapCalloutSubview.m in Sources */ = {isa = PBXBuildFile; fileRef = DCB889522324303E00F7AE95 /* AIRGoogleMapCalloutSubview.m */; };
		E1655BE0263F4DE191658E00 /* Octicons.ttf in Resources */ = {isa = PBXBuildFile; fileRef = 4AF5C70C75D54A91AAC34490 /* Octicons.ttf */; };
		EF1F21D26C27440EA6F586A8 /* Raleway-SemiBold.ttf in Resources */ = {isa = PBXBuildFile; fileRef = 8A1B34CF5F5C401B85A6BAFD /* Raleway-SemiBold.ttf */; };
		F9CD7214D38E46ED921D76C4 /* FontAwesome5_Solid.ttf in Resources */ = {isa = PBXBuildFile; fileRef = 82BB46CBD3AB4CAEAA2059A2 /* FontAwesome5_Solid.ttf */; };
		FCEEEF8EDBE14756B2BCEDF5 /* Raleway-SemiBoldItalic.ttf in Resources */ = {isa = PBXBuildFile; fileRef = 04B90B3DFCDC43D38915BFFC /* Raleway-SemiBoldItalic.ttf */; };
/* End PBXBuildFile section */

/* Begin PBXContainerItemProxy section */
		00E356F41AD99517003FC87E /* PBXContainerItemProxy */ = {
			isa = PBXContainerItemProxy;
			containerPortal = 83CBB9F71A601CBA00E9B192 /* Project object */;
			proxyType = 1;
			remoteGlobalIDString = 13B07F861A680F5B00A75B9A;
			remoteInfo = cuisine;
		};
		2D02E4911E0B4A5D006451C7 /* PBXContainerItemProxy */ = {
			isa = PBXContainerItemProxy;
			containerPortal = 83CBB9F71A601CBA00E9B192 /* Project object */;
			proxyType = 1;
			remoteGlobalIDString = 2D02E47A1E0B4A5D006451C7;
			remoteInfo = "cuisine-tvOS";
		};
/* End PBXContainerItemProxy section */

/* Begin PBXFileReference section */
		008F07F21AC5B25A0029DE68 /* main.jsbundle */ = {isa = PBXFileReference; fileEncoding = 4; lastKnownFileType = text; path = main.jsbundle; sourceTree = "<group>"; };
		00E356EE1AD99517003FC87E /* cuisineTests.xctest */ = {isa = PBXFileReference; explicitFileType = wrapper.cfbundle; includeInIndex = 0; path = cuisineTests.xctest; sourceTree = BUILT_PRODUCTS_DIR; };
		00E356F11AD99517003FC87E /* Info.plist */ = {isa = PBXFileReference; lastKnownFileType = text.plist.xml; path = Info.plist; sourceTree = "<group>"; };
		00E356F21AD99517003FC87E /* cuisineTests.m */ = {isa = PBXFileReference; lastKnownFileType = sourcecode.c.objc; path = cuisineTests.m; sourceTree = "<group>"; };
		04B90B3DFCDC43D38915BFFC /* Raleway-SemiBoldItalic.ttf */ = {isa = PBXFileReference; explicitFileType = undefined; fileEncoding = 9; includeInIndex = 0; lastKnownFileType = unknown; name = "Raleway-SemiBoldItalic.ttf"; path = "../assets/fonts/Raleway-SemiBoldItalic.ttf"; sourceTree = "<group>"; };
		07BFB31120058AC927A5D316 /* Pods-cuisine-tvOS.debug.xcconfig */ = {isa = PBXFileReference; includeInIndex = 1; lastKnownFileType = text.xcconfig; name = "Pods-cuisine-tvOS.debug.xcconfig"; path = "Target Support Files/Pods-cuisine-tvOS/Pods-cuisine-tvOS.debug.xcconfig"; sourceTree = "<group>"; };
		093A61D047042FD826B3445B /* Pods-cuisine-tvOSTests.debug.xcconfig */ = {isa = PBXFileReference; includeInIndex = 1; lastKnownFileType = text.xcconfig; name = "Pods-cuisine-tvOSTests.debug.xcconfig"; path = "Target Support Files/Pods-cuisine-tvOSTests/Pods-cuisine-tvOSTests.debug.xcconfig"; sourceTree = "<group>"; };
		0AE8180773714243BCBB6320 /* Raleway-Thin.ttf */ = {isa = PBXFileReference; explicitFileType = undefined; fileEncoding = 9; includeInIndex = 0; lastKnownFileType = unknown; name = "Raleway-Thin.ttf"; path = "../assets/fonts/Raleway-Thin.ttf"; sourceTree = "<group>"; };
		13B07F961A680F5B00A75B9A /* cuisine.app */ = {isa = PBXFileReference; explicitFileType = wrapper.application; includeInIndex = 0; path = cuisine.app; sourceTree = BUILT_PRODUCTS_DIR; };
		13B07FAF1A68108700A75B9A /* AppDelegate.h */ = {isa = PBXFileReference; fileEncoding = 4; lastKnownFileType = sourcecode.c.h; name = AppDelegate.h; path = cuisine/AppDelegate.h; sourceTree = "<group>"; };
		13B07FB01A68108700A75B9A /* AppDelegate.m */ = {isa = PBXFileReference; fileEncoding = 4; lastKnownFileType = sourcecode.c.objc; name = AppDelegate.m; path = cuisine/AppDelegate.m; sourceTree = "<group>"; };
		13B07FB21A68108700A75B9A /* Base */ = {isa = PBXFileReference; lastKnownFileType = file.xib; name = Base; path = Base.lproj/LaunchScreen.xib; sourceTree = "<group>"; };
		13B07FB51A68108700A75B9A /* Images.xcassets */ = {isa = PBXFileReference; lastKnownFileType = folder.assetcatalog; name = Images.xcassets; path = cuisine/Images.xcassets; sourceTree = "<group>"; };
		13B07FB61A68108700A75B9A /* Info.plist */ = {isa = PBXFileReference; fileEncoding = 4; lastKnownFileType = text.plist.xml; name = Info.plist; path = cuisine/Info.plist; sourceTree = "<group>"; };
		13B07FB71A68108700A75B9A /* main.m */ = {isa = PBXFileReference; fileEncoding = 4; lastKnownFileType = sourcecode.c.objc; name = main.m; path = cuisine/main.m; sourceTree = "<group>"; };
		1B2D2FF6DB344418AAAEFE00 /* Foundation.ttf */ = {isa = PBXFileReference; explicitFileType = undefined; fileEncoding = 9; includeInIndex = 0; lastKnownFileType = unknown; name = Foundation.ttf; path = "../node_modules/react-native-vector-icons/Fonts/Foundation.ttf"; sourceTree = "<group>"; };
		2D02E47B1E0B4A5D006451C7 /* cuisine-tvOS.app */ = {isa = PBXFileReference; explicitFileType = wrapper.application; includeInIndex = 0; path = "cuisine-tvOS.app"; sourceTree = BUILT_PRODUCTS_DIR; };
		2D02E4901E0B4A5D006451C7 /* cuisine-tvOSTests.xctest */ = {isa = PBXFileReference; explicitFileType = wrapper.cfbundle; includeInIndex = 0; path = "cuisine-tvOSTests.xctest"; sourceTree = BUILT_PRODUCTS_DIR; };
		341F3ECD54DD464CB2485A14 /* Raleway-Bold.ttf */ = {isa = PBXFileReference; explicitFileType = undefined; fileEncoding = 9; includeInIndex = 0; lastKnownFileType = unknown; name = "Raleway-Bold.ttf"; path = "../assets/fonts/Raleway-Bold.ttf"; sourceTree = "<group>"; };
		42E03948E84F4B468897DE07 /* Feather.ttf */ = {isa = PBXFileReference; explicitFileType = undefined; fileEncoding = 9; includeInIndex = 0; lastKnownFileType = unknown; name = Feather.ttf; path = "../node_modules/react-native-vector-icons/Fonts/Feather.ttf"; sourceTree = "<group>"; };
		489558700C7943E98B2FD7CD /* FontAwesome5_Regular.ttf */ = {isa = PBXFileReference; explicitFileType = undefined; fileEncoding = 9; includeInIndex = 0; lastKnownFileType = unknown; name = FontAwesome5_Regular.ttf; path = "../node_modules/react-native-vector-icons/Fonts/FontAwesome5_Regular.ttf"; sourceTree = "<group>"; };
		4AF5C70C75D54A91AAC34490 /* Octicons.ttf */ = {isa = PBXFileReference; explicitFileType = undefined; fileEncoding = 9; includeInIndex = 0; lastKnownFileType = unknown; name = Octicons.ttf; path = "../node_modules/react-native-vector-icons/Fonts/Octicons.ttf"; sourceTree = "<group>"; };
		4DE1707CD59746EDBC99C208 /* Fontisto.ttf */ = {isa = PBXFileReference; explicitFileType = undefined; fileEncoding = 9; includeInIndex = 0; lastKnownFileType = unknown; name = Fontisto.ttf; path = "../node_modules/react-native-vector-icons/Fonts/Fontisto.ttf"; sourceTree = "<group>"; };
		56743A31174FE509406400DC /* libPods-cuisine-tvOS.a */ = {isa = PBXFileReference; explicitFileType = archive.ar; includeInIndex = 0; path = "libPods-cuisine-tvOS.a"; sourceTree = BUILT_PRODUCTS_DIR; };
		59AA5A4983944E299836CB4A /* Raleway-BlackItalic.ttf */ = {isa = PBXFileReference; explicitFileType = undefined; fileEncoding = 9; includeInIndex = 0; lastKnownFileType = unknown; name = "Raleway-BlackItalic.ttf"; path = "../assets/fonts/Raleway-BlackItalic.ttf"; sourceTree = "<group>"; };
		5B47259A23844337A52616A6 /* FontAwesome.ttf */ = {isa = PBXFileReference; explicitFileType = undefined; fileEncoding = 9; includeInIndex = 0; lastKnownFileType = unknown; name = FontAwesome.ttf; path = "../node_modules/react-native-vector-icons/Fonts/FontAwesome.ttf"; sourceTree = "<group>"; };
		638A7216F5314A4D8DD44D22 /* Ionicons.ttf */ = {isa = PBXFileReference; explicitFileType = undefined; fileEncoding = 9; includeInIndex = 0; lastKnownFileType = unknown; name = Ionicons.ttf; path = "../node_modules/react-native-vector-icons/Fonts/Ionicons.ttf"; sourceTree = "<group>"; };
		677964FD560E40B9B62510C0 /* Raleway-Regular.ttf */ = {isa = PBXFileReference; explicitFileType = undefined; fileEncoding = 9; includeInIndex = 0; lastKnownFileType = unknown; name = "Raleway-Regular.ttf"; path = "../assets/fonts/Raleway-Regular.ttf"; sourceTree = "<group>"; };
		6A8B4C7FA15F1BDA1C461147 /* libPods-cuisine.a */ = {isa = PBXFileReference; explicitFileType = archive.ar; includeInIndex = 0; path = "libPods-cuisine.a"; sourceTree = BUILT_PRODUCTS_DIR; };
		6AFC234C1D064D6D8BDC07DB /* Raleway-ExtraLight.ttf */ = {isa = PBXFileReference; explicitFileType = undefined; fileEncoding = 9; includeInIndex = 0; lastKnownFileType = unknown; name = "Raleway-ExtraLight.ttf"; path = "../assets/fonts/Raleway-ExtraLight.ttf"; sourceTree = "<group>"; };
		6B92EC7E823E5D304B6D92A0 /* Pods-cuisine.release.xcconfig */ = {isa = PBXFileReference; includeInIndex = 1; lastKnownFileType = text.xcconfig; name = "Pods-cuisine.release.xcconfig"; path = "Target Support Files/Pods-cuisine/Pods-cuisine.release.xcconfig"; sourceTree = "<group>"; };
		6C0F08F9D4BA43F19E1AEDF5 /* Raleway-RegularItalic.ttf */ = {isa = PBXFileReference; explicitFileType = undefined; fileEncoding = 9; includeInIndex = 0; lastKnownFileType = unknown; name = "Raleway-RegularItalic.ttf"; path = "../assets/fonts/Raleway-RegularItalic.ttf"; sourceTree = "<group>"; };
		7292A13CE4324D788B5551BF /* Raleway-ExtraBold.ttf */ = {isa = PBXFileReference; explicitFileType = undefined; fileEncoding = 9; includeInIndex = 0; lastKnownFileType = unknown; name = "Raleway-ExtraBold.ttf"; path = "../assets/fonts/Raleway-ExtraBold.ttf"; sourceTree = "<group>"; };
		742B81FE453D52D5564FEC39 /* Pods-cuisine-tvOS.release.xcconfig */ = {isa = PBXFileReference; includeInIndex = 1; lastKnownFileType = text.xcconfig; name = "Pods-cuisine-tvOS.release.xcconfig"; path = "Target Support Files/Pods-cuisine-tvOS/Pods-cuisine-tvOS.release.xcconfig"; sourceTree = "<group>"; };
		75ABDA8E9D0B48B8BA13E565 /* Raleway-ExtraLightItalic.ttf */ = {isa = PBXFileReference; explicitFileType = undefined; fileEncoding = 9; includeInIndex = 0; lastKnownFileType = unknown; name = "Raleway-ExtraLightItalic.ttf"; path = "../assets/fonts/Raleway-ExtraLightItalic.ttf"; sourceTree = "<group>"; };
		82BB46CBD3AB4CAEAA2059A2 /* FontAwesome5_Solid.ttf */ = {isa = PBXFileReference; explicitFileType = undefined; fileEncoding = 9; includeInIndex = 0; lastKnownFileType = unknown; name = FontAwesome5_Solid.ttf; path = "../node_modules/react-native-vector-icons/Fonts/FontAwesome5_Solid.ttf"; sourceTree = "<group>"; };
		8A1B34CF5F5C401B85A6BAFD /* Raleway-SemiBold.ttf */ = {isa = PBXFileReference; explicitFileType = undefined; fileEncoding = 9; includeInIndex = 0; lastKnownFileType = unknown; name = "Raleway-SemiBold.ttf"; path = "../assets/fonts/Raleway-SemiBold.ttf"; sourceTree = "<group>"; };
		8B0460FE86DA4F67A2BDBAE5 /* Raleway-LightItalic.ttf */ = {isa = PBXFileReference; explicitFileType = undefined; fileEncoding = 9; includeInIndex = 0; lastKnownFileType = unknown; name = "Raleway-LightItalic.ttf"; path = "../assets/fonts/Raleway-LightItalic.ttf"; sourceTree = "<group>"; };
		8E58FE5C8A9545788B4EDD22 /* Raleway-MediumItalic.ttf */ = {isa = PBXFileReference; explicitFileType = undefined; fileEncoding = 9; includeInIndex = 0; lastKnownFileType = unknown; name = "Raleway-MediumItalic.ttf"; path = "../assets/fonts/Raleway-MediumItalic.ttf"; sourceTree = "<group>"; };
		904752CF0E5B4C8BA787B4F3 /* Zocial.ttf */ = {isa = PBXFileReference; explicitFileType = undefined; fileEncoding = 9; includeInIndex = 0; lastKnownFileType = unknown; name = Zocial.ttf; path = "../node_modules/react-native-vector-icons/Fonts/Zocial.ttf"; sourceTree = "<group>"; };
		907EC8BF9203412486ADCB06 /* Entypo.ttf */ = {isa = PBXFileReference; explicitFileType = undefined; fileEncoding = 9; includeInIndex = 0; lastKnownFileType = unknown; name = Entypo.ttf; path = "../node_modules/react-native-vector-icons/Fonts/Entypo.ttf"; sourceTree = "<group>"; };
		94D46C7BA235979674C4C90B /* libPods-cuisine-tvOSTests.a */ = {isa = PBXFileReference; explicitFileType = archive.ar; includeInIndex = 0; path = "libPods-cuisine-tvOSTests.a"; sourceTree = BUILT_PRODUCTS_DIR; };
		9AE678896E924EDD86899CDB /* Raleway-ExtraBoldItalic.ttf */ = {isa = PBXFileReference; explicitFileType = undefined; fileEncoding = 9; includeInIndex = 0; lastKnownFileType = unknown; name = "Raleway-ExtraBoldItalic.ttf"; path = "../assets/fonts/Raleway-ExtraBoldItalic.ttf"; sourceTree = "<group>"; };
		A0B6B7AC46AA6DA9A60EA2D1 /* Pods-cuisine-tvOSTests.release.xcconfig */ = {isa = PBXFileReference; includeInIndex = 1; lastKnownFileType = text.xcconfig; name = "Pods-cuisine-tvOSTests.release.xcconfig"; path = "Target Support Files/Pods-cuisine-tvOSTests/Pods-cuisine-tvOSTests.release.xcconfig"; sourceTree = "<group>"; };
		AC85AFB00BBE444E9836C282 /* Raleway-Medium.ttf */ = {isa = PBXFileReference; explicitFileType = undefined; fileEncoding = 9; includeInIndex = 0; lastKnownFileType = unknown; name = "Raleway-Medium.ttf"; path = "../assets/fonts/Raleway-Medium.ttf"; sourceTree = "<group>"; };
		AE496AD867F24A6EA261CB10 /* MaterialIcons.ttf */ = {isa = PBXFileReference; explicitFileType = undefined; fileEncoding = 9; includeInIndex = 0; lastKnownFileType = unknown; name = MaterialIcons.ttf; path = "../node_modules/react-native-vector-icons/Fonts/MaterialIcons.ttf"; sourceTree = "<group>"; };
		B049C0A0BD93462FA8EA5F22 /* Raleway-Light.ttf */ = {isa = PBXFileReference; explicitFileType = undefined; fileEncoding = 9; includeInIndex = 0; lastKnownFileType = unknown; name = "Raleway-Light.ttf"; path = "../assets/fonts/Raleway-Light.ttf"; sourceTree = "<group>"; };
		BA06FF26AC114F61996B7415 /* EvilIcons.ttf */ = {isa = PBXFileReference; explicitFileType = undefined; fileEncoding = 9; includeInIndex = 0; lastKnownFileType = unknown; name = EvilIcons.ttf; path = "../node_modules/react-native-vector-icons/Fonts/EvilIcons.ttf"; sourceTree = "<group>"; };
		C0262746A7EA89E8BE0EA840 /* Pods-cuisine.debug.xcconfig */ = {isa = PBXFileReference; includeInIndex = 1; lastKnownFileType = text.xcconfig; name = "Pods-cuisine.debug.xcconfig"; path = "Target Support Files/Pods-cuisine/Pods-cuisine.debug.xcconfig"; sourceTree = "<group>"; };
		C0A45BE1EAFB445E91E24550 /* MaterialCommunityIcons.ttf */ = {isa = PBXFileReference; explicitFileType = undefined; fileEncoding = 9; includeInIndex = 0; lastKnownFileType = unknown; name = MaterialCommunityIcons.ttf; path = "../node_modules/react-native-vector-icons/Fonts/MaterialCommunityIcons.ttf"; sourceTree = "<group>"; };
		C678E1977B4C454A8A325B3E /* Raleway-BoldItalic.ttf */ = {isa = PBXFileReference; explicitFileType = undefined; fileEncoding = 9; includeInIndex = 0; lastKnownFileType = unknown; name = "Raleway-BoldItalic.ttf"; path = "../assets/fonts/Raleway-BoldItalic.ttf"; sourceTree = "<group>"; };
		D666421B06D3F9FDF1D67217 /* Pods-cuisineTests.release.xcconfig */ = {isa = PBXFileReference; includeInIndex = 1; lastKnownFileType = text.xcconfig; name = "Pods-cuisineTests.release.xcconfig"; path = "Target Support Files/Pods-cuisineTests/Pods-cuisineTests.release.xcconfig"; sourceTree = "<group>"; };
		DB687BD61606404390E68DC5 /* Raleway-Black.ttf */ = {isa = PBXFileReference; explicitFileType = undefined; fileEncoding = 9; includeInIndex = 0; lastKnownFileType = unknown; name = "Raleway-Black.ttf"; path = "../assets/fonts/Raleway-Black.ttf"; sourceTree = "<group>"; };
		DCB889212324303E00F7AE95 /* AIRDummyView.m */ = {isa = PBXFileReference; fileEncoding = 4; lastKnownFileType = sourcecode.c.objc; path = AIRDummyView.m; sourceTree = "<group>"; };
		DCB889222324303E00F7AE95 /* AIRGoogleMapWMSTile.h */ = {isa = PBXFileReference; fileEncoding = 4; lastKnownFileType = sourcecode.c.h; path = AIRGoogleMapWMSTile.h; sourceTree = "<group>"; };
		DCB889232324303E00F7AE95 /* AIRGoogleMapPolyline.h */ = {isa = PBXFileReference; fileEncoding = 4; lastKnownFileType = sourcecode.c.h; path = AIRGoogleMapPolyline.h; sourceTree = "<group>"; };
		DCB889242324303E00F7AE95 /* AIRGoogleMapUrlTile.m */ = {isa = PBXFileReference; fileEncoding = 4; lastKnownFileType = sourcecode.c.objc; path = AIRGoogleMapUrlTile.m; sourceTree = "<group>"; };
		DCB889252324303E00F7AE95 /* AIRGoogleMapMarkerManager.h */ = {isa = PBXFileReference; fileEncoding = 4; lastKnownFileType = sourcecode.c.h; path = AIRGoogleMapMarkerManager.h; sourceTree = "<group>"; };
		DCB889262324303E00F7AE95 /* AIRGoogleMapCalloutManager.h */ = {isa = PBXFileReference; fileEncoding = 4; lastKnownFileType = sourcecode.c.h; path = AIRGoogleMapCalloutManager.h; sourceTree = "<group>"; };
		DCB889272324303E00F7AE95 /* AIRGoogleMapPolygonManager.m */ = {isa = PBXFileReference; fileEncoding = 4; lastKnownFileType = sourcecode.c.objc; path = AIRGoogleMapPolygonManager.m; sourceTree = "<group>"; };
		DCB889282324303E00F7AE95 /* RCTConvert+GMSMapViewType.h */ = {isa = PBXFileReference; fileEncoding = 4; lastKnownFileType = sourcecode.c.h; path = "RCTConvert+GMSMapViewType.h"; sourceTree = "<group>"; };
		DCB889292324303E00F7AE95 /* AIRGoogleMapManager.h */ = {isa = PBXFileReference; fileEncoding = 4; lastKnownFileType = sourcecode.c.h; path = AIRGoogleMapManager.h; sourceTree = "<group>"; };
		DCB8892A2324303E00F7AE95 /* AIRGoogleMapMarker.m */ = {isa = PBXFileReference; fileEncoding = 4; lastKnownFileType = sourcecode.c.objc; path = AIRGoogleMapMarker.m; sourceTree = "<group>"; };
		DCB8892B2324303E00F7AE95 /* AIRGMSPolyline.h */ = {isa = PBXFileReference; fileEncoding = 4; lastKnownFileType = sourcecode.c.h; path = AIRGMSPolyline.h; sourceTree = "<group>"; };
		DCB8892C2324303E00F7AE95 /* AIRGoogleMapPolylineManager.h */ = {isa = PBXFileReference; fileEncoding = 4; lastKnownFileType = sourcecode.c.h; path = AIRGoogleMapPolylineManager.h; sourceTree = "<group>"; };
		DCB8892D2324303E00F7AE95 /* AIRGoogleMapOverlay.h */ = {isa = PBXFileReference; fileEncoding = 4; lastKnownFileType = sourcecode.c.h; path = AIRGoogleMapOverlay.h; sourceTree = "<group>"; };
		DCB8892E2324303E00F7AE95 /* AIRGMSPolygon.m */ = {isa = PBXFileReference; fileEncoding = 4; lastKnownFileType = sourcecode.c.objc; path = AIRGMSPolygon.m; sourceTree = "<group>"; };
		DCB8892F2324303E00F7AE95 /* AIRGoogleMapURLTileManager.m */ = {isa = PBXFileReference; fileEncoding = 4; lastKnownFileType = sourcecode.c.objc; path = AIRGoogleMapURLTileManager.m; sourceTree = "<group>"; };
		DCB889302324303E00F7AE95 /* AIRGoogleMapWMSTileManager.m */ = {isa = PBXFileReference; fileEncoding = 4; lastKnownFileType = sourcecode.c.objc; path = AIRGoogleMapWMSTileManager.m; sourceTree = "<group>"; };
		DCB889312324303E00F7AE95 /* AIRGoogleMapCircle.m */ = {isa = PBXFileReference; fileEncoding = 4; lastKnownFileType = sourcecode.c.objc; path = AIRGoogleMapCircle.m; sourceTree = "<group>"; };
		DCB889322324303E00F7AE95 /* AIRGoogleMap.h */ = {isa = PBXFileReference; fileEncoding = 4; lastKnownFileType = sourcecode.c.h; path = AIRGoogleMap.h; sourceTree = "<group>"; };
		DCB889332324303E00F7AE95 /* AIRGoogleMapOverlayManager.h */ = {isa = PBXFileReference; fileEncoding = 4; lastKnownFileType = sourcecode.c.h; path = AIRGoogleMapOverlayManager.h; sourceTree = "<group>"; };
		DCB889342324303E00F7AE95 /* AIRGoogleMapCallout.h */ = {isa = PBXFileReference; fileEncoding = 4; lastKnownFileType = sourcecode.c.h; path = AIRGoogleMapCallout.h; sourceTree = "<group>"; };
		DCB889352324303E00F7AE95 /* AIRGoogleMapCalloutSubviewManager.h */ = {isa = PBXFileReference; fileEncoding = 4; lastKnownFileType = sourcecode.c.h; path = AIRGoogleMapCalloutSubviewManager.h; sourceTree = "<group>"; };
		DCB889362324303E00F7AE95 /* AIRGoogleMapCalloutSubview.h */ = {isa = PBXFileReference; fileEncoding = 4; lastKnownFileType = sourcecode.c.h; path = AIRGoogleMapCalloutSubview.h; sourceTree = "<group>"; };
		DCB889372324303E00F7AE95 /* AIRGMSMarker.h */ = {isa = PBXFileReference; fileEncoding = 4; lastKnownFileType = sourcecode.c.h; path = AIRGMSMarker.h; sourceTree = "<group>"; };
		DCB889382324303E00F7AE95 /* AIRGoogleMapCircleManager.m */ = {isa = PBXFileReference; fileEncoding = 4; lastKnownFileType = sourcecode.c.objc; path = AIRGoogleMapCircleManager.m; sourceTree = "<group>"; };
		DCB889392324303E00F7AE95 /* AIRGoogleMapPolygon.h */ = {isa = PBXFileReference; fileEncoding = 4; lastKnownFileType = sourcecode.c.h; path = AIRGoogleMapPolygon.h; sourceTree = "<group>"; };
		DCB8893A2324303E00F7AE95 /* AIRGoogleMapCalloutManager.m */ = {isa = PBXFileReference; fileEncoding = 4; lastKnownFileType = sourcecode.c.objc; path = AIRGoogleMapCalloutManager.m; sourceTree = "<group>"; };
		DCB8893B2324303E00F7AE95 /* AIRGoogleMapMarkerManager.m */ = {isa = PBXFileReference; fileEncoding = 4; lastKnownFileType = sourcecode.c.objc; path = AIRGoogleMapMarkerManager.m; sourceTree = "<group>"; };
		DCB8893C2324303E00F7AE95 /* AIRGoogleMapUrlTile.h */ = {isa = PBXFileReference; fileEncoding = 4; lastKnownFileType = sourcecode.c.h; path = AIRGoogleMapUrlTile.h; sourceTree = "<group>"; };
		DCB8893D2324303E00F7AE95 /* AIRGoogleMapPolyline.m */ = {isa = PBXFileReference; fileEncoding = 4; lastKnownFileType = sourcecode.c.objc; path = AIRGoogleMapPolyline.m; sourceTree = "<group>"; };
		DCB8893E2324303E00F7AE95 /* AIRGoogleMapWMSTile.m */ = {isa = PBXFileReference; fileEncoding = 4; lastKnownFileType = sourcecode.c.objc; path = AIRGoogleMapWMSTile.m; sourceTree = "<group>"; };
		DCB8893F2324303E00F7AE95 /* AIRDummyView.h */ = {isa = PBXFileReference; fileEncoding = 4; lastKnownFileType = sourcecode.c.h; path = AIRDummyView.h; sourceTree = "<group>"; };
		DCB889402324303E00F7AE95 /* AIRGMSPolygon.h */ = {isa = PBXFileReference; fileEncoding = 4; lastKnownFileType = sourcecode.c.h; path = AIRGMSPolygon.h; sourceTree = "<group>"; };
		DCB889412324303E00F7AE95 /* AIRGoogleMapOverlay.m */ = {isa = PBXFileReference; fileEncoding = 4; lastKnownFileType = sourcecode.c.objc; path = AIRGoogleMapOverlay.m; sourceTree = "<group>"; };
		DCB889422324303E00F7AE95 /* AIRGMSPolyline.m */ = {isa = PBXFileReference; fileEncoding = 4; lastKnownFileType = sourcecode.c.objc; path = AIRGMSPolyline.m; sourceTree = "<group>"; };
		DCB889432324303E00F7AE95 /* AIRGoogleMapPolylineManager.m */ = {isa = PBXFileReference; fileEncoding = 4; lastKnownFileType = sourcecode.c.objc; path = AIRGoogleMapPolylineManager.m; sourceTree = "<group>"; };
		DCB889442324303E00F7AE95 /* AIRGoogleMapManager.m */ = {isa = PBXFileReference; fileEncoding = 4; lastKnownFileType = sourcecode.c.objc; path = AIRGoogleMapManager.m; sourceTree = "<group>"; };
		DCB889452324303E00F7AE95 /* AIRGoogleMapMarker.h */ = {isa = PBXFileReference; fileEncoding = 4; lastKnownFileType = sourcecode.c.h; path = AIRGoogleMapMarker.h; sourceTree = "<group>"; };
		DCB889462324303E00F7AE95 /* AIRGoogleMapPolygonManager.h */ = {isa = PBXFileReference; fileEncoding = 4; lastKnownFileType = sourcecode.c.h; path = AIRGoogleMapPolygonManager.h; sourceTree = "<group>"; };
		DCB889472324303E00F7AE95 /* RCTConvert+GMSMapViewType.m */ = {isa = PBXFileReference; fileEncoding = 4; lastKnownFileType = sourcecode.c.objc; path = "RCTConvert+GMSMapViewType.m"; sourceTree = "<group>"; };
		DCB889482324303E00F7AE95 /* AIRGoogleMapCalloutSubviewManager.m */ = {isa = PBXFileReference; fileEncoding = 4; lastKnownFileType = sourcecode.c.objc; path = AIRGoogleMapCalloutSubviewManager.m; sourceTree = "<group>"; };
		DCB889492324303E00F7AE95 /* AIRGoogleMapCallout.m */ = {isa = PBXFileReference; fileEncoding = 4; lastKnownFileType = sourcecode.c.objc; path = AIRGoogleMapCallout.m; sourceTree = "<group>"; };
		DCB8894A2324303E00F7AE95 /* AIRGoogleMapOverlayManager.m */ = {isa = PBXFileReference; fileEncoding = 4; lastKnownFileType = sourcecode.c.objc; path = AIRGoogleMapOverlayManager.m; sourceTree = "<group>"; };
		DCB8894B2324303E00F7AE95 /* AIRGoogleMap.m */ = {isa = PBXFileReference; fileEncoding = 4; lastKnownFileType = sourcecode.c.objc; path = AIRGoogleMap.m; sourceTree = "<group>"; };
		DCB8894C2324303E00F7AE95 /* AIRGoogleMapCircle.h */ = {isa = PBXFileReference; fileEncoding = 4; lastKnownFileType = sourcecode.c.h; path = AIRGoogleMapCircle.h; sourceTree = "<group>"; };
		DCB8894D2324303E00F7AE95 /* AIRGoogleMapWMSTileManager.h */ = {isa = PBXFileReference; fileEncoding = 4; lastKnownFileType = sourcecode.c.h; path = AIRGoogleMapWMSTileManager.h; sourceTree = "<group>"; };
		DCB8894E2324303E00F7AE95 /* AIRGoogleMapUrlTileManager.h */ = {isa = PBXFileReference; fileEncoding = 4; lastKnownFileType = sourcecode.c.h; path = AIRGoogleMapUrlTileManager.h; sourceTree = "<group>"; };
		DCB8894F2324303E00F7AE95 /* AIRGoogleMapCircleManager.h */ = {isa = PBXFileReference; fileEncoding = 4; lastKnownFileType = sourcecode.c.h; path = AIRGoogleMapCircleManager.h; sourceTree = "<group>"; };
		DCB889502324303E00F7AE95 /* AIRGoogleMapPolygon.m */ = {isa = PBXFileReference; fileEncoding = 4; lastKnownFileType = sourcecode.c.objc; path = AIRGoogleMapPolygon.m; sourceTree = "<group>"; };
		DCB889512324303E00F7AE95 /* AIRGMSMarker.m */ = {isa = PBXFileReference; fileEncoding = 4; lastKnownFileType = sourcecode.c.objc; path = AIRGMSMarker.m; sourceTree = "<group>"; };
		DCB889522324303E00F7AE95 /* AIRGoogleMapCalloutSubview.m */ = {isa = PBXFileReference; fileEncoding = 4; lastKnownFileType = sourcecode.c.objc; path = AIRGoogleMapCalloutSubview.m; sourceTree = "<group>"; };
		DFA201D122DC4F14AF23CD83 /* SimpleLineIcons.ttf */ = {isa = PBXFileReference; explicitFileType = undefined; fileEncoding = 9; includeInIndex = 0; lastKnownFileType = unknown; name = SimpleLineIcons.ttf; path = "../node_modules/react-native-vector-icons/Fonts/SimpleLineIcons.ttf"; sourceTree = "<group>"; };
		E7FADDFC29024BF4B4714370 /* Raleway-ThinItalic.ttf */ = {isa = PBXFileReference; explicitFileType = undefined; fileEncoding = 9; includeInIndex = 0; lastKnownFileType = unknown; name = "Raleway-ThinItalic.ttf"; path = "../assets/fonts/Raleway-ThinItalic.ttf"; sourceTree = "<group>"; };
		E8861198BAFD49A4A2091F26 /* FontAwesome5_Brands.ttf */ = {isa = PBXFileReference; explicitFileType = undefined; fileEncoding = 9; includeInIndex = 0; lastKnownFileType = unknown; name = FontAwesome5_Brands.ttf; path = "../node_modules/react-native-vector-icons/Fonts/FontAwesome5_Brands.ttf"; sourceTree = "<group>"; };
		E8B19D095FCE467D8012E319 /* AntDesign.ttf */ = {isa = PBXFileReference; explicitFileType = undefined; fileEncoding = 9; includeInIndex = 0; lastKnownFileType = unknown; name = AntDesign.ttf; path = "../node_modules/react-native-vector-icons/Fonts/AntDesign.ttf"; sourceTree = "<group>"; };
		ED297162215061F000B7C4FE /* JavaScriptCore.framework */ = {isa = PBXFileReference; lastKnownFileType = wrapper.framework; name = JavaScriptCore.framework; path = System/Library/Frameworks/JavaScriptCore.framework; sourceTree = SDKROOT; };
		ED2971642150620600B7C4FE /* JavaScriptCore.framework */ = {isa = PBXFileReference; lastKnownFileType = wrapper.framework; name = JavaScriptCore.framework; path = Platforms/AppleTVOS.platform/Developer/SDKs/AppleTVOS12.0.sdk/System/Library/Frameworks/JavaScriptCore.framework; sourceTree = DEVELOPER_DIR; };
		F970A16FF1287538914F6165 /* Pods-cuisineTests.debug.xcconfig */ = {isa = PBXFileReference; includeInIndex = 1; lastKnownFileType = text.xcconfig; name = "Pods-cuisineTests.debug.xcconfig"; path = "Target Support Files/Pods-cuisineTests/Pods-cuisineTests.debug.xcconfig"; sourceTree = "<group>"; };
		FB8F1A9C150E4E79FB251792 /* libPods-cuisineTests.a */ = {isa = PBXFileReference; explicitFileType = archive.ar; includeInIndex = 0; path = "libPods-cuisineTests.a"; sourceTree = BUILT_PRODUCTS_DIR; };
/* End PBXFileReference section */

/* Begin PBXFrameworksBuildPhase section */
		00E356EB1AD99517003FC87E /* Frameworks */ = {
			isa = PBXFrameworksBuildPhase;
			buildActionMask = 2147483647;
			files = (
				0146A6ED82DA4B7A73E4D611 /* libPods-cuisineTests.a in Frameworks */,
			);
			runOnlyForDeploymentPostprocessing = 0;
		};
		13B07F8C1A680F5B00A75B9A /* Frameworks */ = {
			isa = PBXFrameworksBuildPhase;
			buildActionMask = 2147483647;
			files = (
				A7A7B93130F978B9F9342891 /* libPods-cuisine.a in Frameworks */,
			);
			runOnlyForDeploymentPostprocessing = 0;
		};
		2D02E4781E0B4A5D006451C7 /* Frameworks */ = {
			isa = PBXFrameworksBuildPhase;
			buildActionMask = 2147483647;
			files = (
				75397CEA48863DC97E566D27 /* libPods-cuisine-tvOS.a in Frameworks */,
			);
			runOnlyForDeploymentPostprocessing = 0;
		};
		2D02E48D1E0B4A5D006451C7 /* Frameworks */ = {
			isa = PBXFrameworksBuildPhase;
			buildActionMask = 2147483647;
			files = (
				D540327A5E8C8B110D65627D /* libPods-cuisine-tvOSTests.a in Frameworks */,
			);
			runOnlyForDeploymentPostprocessing = 0;
		};
/* End PBXFrameworksBuildPhase section */

/* Begin PBXGroup section */
		00E356EF1AD99517003FC87E /* cuisineTests */ = {
			isa = PBXGroup;
			children = (
				00E356F21AD99517003FC87E /* cuisineTests.m */,
				00E356F01AD99517003FC87E /* Supporting Files */,
			);
			path = cuisineTests;
			sourceTree = "<group>";
		};
		00E356F01AD99517003FC87E /* Supporting Files */ = {
			isa = PBXGroup;
			children = (
				00E356F11AD99517003FC87E /* Info.plist */,
			);
			name = "Supporting Files";
			sourceTree = "<group>";
		};
		13B07FAE1A68108700A75B9A /* cuisine */ = {
			isa = PBXGroup;
			children = (
				008F07F21AC5B25A0029DE68 /* main.jsbundle */,
				13B07FAF1A68108700A75B9A /* AppDelegate.h */,
				13B07FB01A68108700A75B9A /* AppDelegate.m */,
				13B07FB51A68108700A75B9A /* Images.xcassets */,
				13B07FB61A68108700A75B9A /* Info.plist */,
				13B07FB11A68108700A75B9A /* LaunchScreen.xib */,
				13B07FB71A68108700A75B9A /* main.m */,
			);
			name = cuisine;
			sourceTree = "<group>";
		};
		2D16E6871FA4F8E400B85C8A /* Frameworks */ = {
			isa = PBXGroup;
			children = (
				ED297162215061F000B7C4FE /* JavaScriptCore.framework */,
				ED2971642150620600B7C4FE /* JavaScriptCore.framework */,
				6A8B4C7FA15F1BDA1C461147 /* libPods-cuisine.a */,
				56743A31174FE509406400DC /* libPods-cuisine-tvOS.a */,
				94D46C7BA235979674C4C90B /* libPods-cuisine-tvOSTests.a */,
				FB8F1A9C150E4E79FB251792 /* libPods-cuisineTests.a */,
			);
			name = Frameworks;
			sourceTree = "<group>";
		};
		40E1D0877C8540DEA2790899 /* Resources */ = {
			isa = PBXGroup;
			children = (
				E8B19D095FCE467D8012E319 /* AntDesign.ttf */,
				907EC8BF9203412486ADCB06 /* Entypo.ttf */,
				BA06FF26AC114F61996B7415 /* EvilIcons.ttf */,
				42E03948E84F4B468897DE07 /* Feather.ttf */,
				5B47259A23844337A52616A6 /* FontAwesome.ttf */,
				E8861198BAFD49A4A2091F26 /* FontAwesome5_Brands.ttf */,
				489558700C7943E98B2FD7CD /* FontAwesome5_Regular.ttf */,
				82BB46CBD3AB4CAEAA2059A2 /* FontAwesome5_Solid.ttf */,
				4DE1707CD59746EDBC99C208 /* Fontisto.ttf */,
				1B2D2FF6DB344418AAAEFE00 /* Foundation.ttf */,
				638A7216F5314A4D8DD44D22 /* Ionicons.ttf */,
				C0A45BE1EAFB445E91E24550 /* MaterialCommunityIcons.ttf */,
				AE496AD867F24A6EA261CB10 /* MaterialIcons.ttf */,
				4AF5C70C75D54A91AAC34490 /* Octicons.ttf */,
				DFA201D122DC4F14AF23CD83 /* SimpleLineIcons.ttf */,
				904752CF0E5B4C8BA787B4F3 /* Zocial.ttf */,
				DB687BD61606404390E68DC5 /* Raleway-Black.ttf */,
				59AA5A4983944E299836CB4A /* Raleway-BlackItalic.ttf */,
				341F3ECD54DD464CB2485A14 /* Raleway-Bold.ttf */,
				C678E1977B4C454A8A325B3E /* Raleway-BoldItalic.ttf */,
				7292A13CE4324D788B5551BF /* Raleway-ExtraBold.ttf */,
				9AE678896E924EDD86899CDB /* Raleway-ExtraBoldItalic.ttf */,
				6AFC234C1D064D6D8BDC07DB /* Raleway-ExtraLight.ttf */,
				75ABDA8E9D0B48B8BA13E565 /* Raleway-ExtraLightItalic.ttf */,
				B049C0A0BD93462FA8EA5F22 /* Raleway-Light.ttf */,
				8B0460FE86DA4F67A2BDBAE5 /* Raleway-LightItalic.ttf */,
				AC85AFB00BBE444E9836C282 /* Raleway-Medium.ttf */,
				8E58FE5C8A9545788B4EDD22 /* Raleway-MediumItalic.ttf */,
				677964FD560E40B9B62510C0 /* Raleway-Regular.ttf */,
				6C0F08F9D4BA43F19E1AEDF5 /* Raleway-RegularItalic.ttf */,
				8A1B34CF5F5C401B85A6BAFD /* Raleway-SemiBold.ttf */,
				04B90B3DFCDC43D38915BFFC /* Raleway-SemiBoldItalic.ttf */,
				0AE8180773714243BCBB6320 /* Raleway-Thin.ttf */,
				E7FADDFC29024BF4B4714370 /* Raleway-ThinItalic.ttf */,
			);
			name = Resources;
			sourceTree = "<group>";
		};
		832341AE1AAA6A7D00B99B32 /* Libraries */ = {
			isa = PBXGroup;
			children = (
			);
			name = Libraries;
			sourceTree = "<group>";
		};
		83CBB9F61A601CBA00E9B192 = {
			isa = PBXGroup;
			children = (
				DCB889202324303E00F7AE95 /* AirGoogleMaps */,
				13B07FAE1A68108700A75B9A /* cuisine */,
				832341AE1AAA6A7D00B99B32 /* Libraries */,
				00E356EF1AD99517003FC87E /* cuisineTests */,
				83CBBA001A601CBA00E9B192 /* Products */,
				2D16E6871FA4F8E400B85C8A /* Frameworks */,
				40E1D0877C8540DEA2790899 /* Resources */,
				C62DC2296AE086386BCFEC60 /* Pods */,
				DC04EDEF230C6F2900BAAFBF /* Recovered References */,
			);
			indentWidth = 2;
			sourceTree = "<group>";
			tabWidth = 2;
			usesTabs = 0;
		};
		83CBBA001A601CBA00E9B192 /* Products */ = {
			isa = PBXGroup;
			children = (
				13B07F961A680F5B00A75B9A /* cuisine.app */,
				00E356EE1AD99517003FC87E /* cuisineTests.xctest */,
				2D02E47B1E0B4A5D006451C7 /* cuisine-tvOS.app */,
				2D02E4901E0B4A5D006451C7 /* cuisine-tvOSTests.xctest */,
			);
			name = Products;
			sourceTree = "<group>";
		};
		C62DC2296AE086386BCFEC60 /* Pods */ = {
			isa = PBXGroup;
			children = (
				C0262746A7EA89E8BE0EA840 /* Pods-cuisine.debug.xcconfig */,
				6B92EC7E823E5D304B6D92A0 /* Pods-cuisine.release.xcconfig */,
				07BFB31120058AC927A5D316 /* Pods-cuisine-tvOS.debug.xcconfig */,
				742B81FE453D52D5564FEC39 /* Pods-cuisine-tvOS.release.xcconfig */,
				093A61D047042FD826B3445B /* Pods-cuisine-tvOSTests.debug.xcconfig */,
				A0B6B7AC46AA6DA9A60EA2D1 /* Pods-cuisine-tvOSTests.release.xcconfig */,
				F970A16FF1287538914F6165 /* Pods-cuisineTests.debug.xcconfig */,
				D666421B06D3F9FDF1D67217 /* Pods-cuisineTests.release.xcconfig */,
			);
			path = Pods;
			sourceTree = "<group>";
		};
		DC04EDEF230C6F2900BAAFBF /* Recovered References */ = {
			isa = PBXGroup;
			children = (
			);
			name = "Recovered References";
			sourceTree = "<group>";
		};
		DCB889202324303E00F7AE95 /* AirGoogleMaps */ = {
			isa = PBXGroup;
			children = (
				DCB889212324303E00F7AE95 /* AIRDummyView.m */,
				DCB889222324303E00F7AE95 /* AIRGoogleMapWMSTile.h */,
				DCB889232324303E00F7AE95 /* AIRGoogleMapPolyline.h */,
				DCB889242324303E00F7AE95 /* AIRGoogleMapUrlTile.m */,
				DCB889252324303E00F7AE95 /* AIRGoogleMapMarkerManager.h */,
				DCB889262324303E00F7AE95 /* AIRGoogleMapCalloutManager.h */,
				DCB889272324303E00F7AE95 /* AIRGoogleMapPolygonManager.m */,
				DCB889282324303E00F7AE95 /* RCTConvert+GMSMapViewType.h */,
				DCB889292324303E00F7AE95 /* AIRGoogleMapManager.h */,
				DCB8892A2324303E00F7AE95 /* AIRGoogleMapMarker.m */,
				DCB8892B2324303E00F7AE95 /* AIRGMSPolyline.h */,
				DCB8892C2324303E00F7AE95 /* AIRGoogleMapPolylineManager.h */,
				DCB8892D2324303E00F7AE95 /* AIRGoogleMapOverlay.h */,
				DCB8892E2324303E00F7AE95 /* AIRGMSPolygon.m */,
				DCB8892F2324303E00F7AE95 /* AIRGoogleMapURLTileManager.m */,
				DCB889302324303E00F7AE95 /* AIRGoogleMapWMSTileManager.m */,
				DCB889312324303E00F7AE95 /* AIRGoogleMapCircle.m */,
				DCB889322324303E00F7AE95 /* AIRGoogleMap.h */,
				DCB889332324303E00F7AE95 /* AIRGoogleMapOverlayManager.h */,
				DCB889342324303E00F7AE95 /* AIRGoogleMapCallout.h */,
				DCB889352324303E00F7AE95 /* AIRGoogleMapCalloutSubviewManager.h */,
				DCB889362324303E00F7AE95 /* AIRGoogleMapCalloutSubview.h */,
				DCB889372324303E00F7AE95 /* AIRGMSMarker.h */,
				DCB889382324303E00F7AE95 /* AIRGoogleMapCircleManager.m */,
				DCB889392324303E00F7AE95 /* AIRGoogleMapPolygon.h */,
				DCB8893A2324303E00F7AE95 /* AIRGoogleMapCalloutManager.m */,
				DCB8893B2324303E00F7AE95 /* AIRGoogleMapMarkerManager.m */,
				DCB8893C2324303E00F7AE95 /* AIRGoogleMapUrlTile.h */,
				DCB8893D2324303E00F7AE95 /* AIRGoogleMapPolyline.m */,
				DCB8893E2324303E00F7AE95 /* AIRGoogleMapWMSTile.m */,
				DCB8893F2324303E00F7AE95 /* AIRDummyView.h */,
				DCB889402324303E00F7AE95 /* AIRGMSPolygon.h */,
				DCB889412324303E00F7AE95 /* AIRGoogleMapOverlay.m */,
				DCB889422324303E00F7AE95 /* AIRGMSPolyline.m */,
				DCB889432324303E00F7AE95 /* AIRGoogleMapPolylineManager.m */,
				DCB889442324303E00F7AE95 /* AIRGoogleMapManager.m */,
				DCB889452324303E00F7AE95 /* AIRGoogleMapMarker.h */,
				DCB889462324303E00F7AE95 /* AIRGoogleMapPolygonManager.h */,
				DCB889472324303E00F7AE95 /* RCTConvert+GMSMapViewType.m */,
				DCB889482324303E00F7AE95 /* AIRGoogleMapCalloutSubviewManager.m */,
				DCB889492324303E00F7AE95 /* AIRGoogleMapCallout.m */,
				DCB8894A2324303E00F7AE95 /* AIRGoogleMapOverlayManager.m */,
				DCB8894B2324303E00F7AE95 /* AIRGoogleMap.m */,
				DCB8894C2324303E00F7AE95 /* AIRGoogleMapCircle.h */,
				DCB8894D2324303E00F7AE95 /* AIRGoogleMapWMSTileManager.h */,
				DCB8894E2324303E00F7AE95 /* AIRGoogleMapUrlTileManager.h */,
				DCB8894F2324303E00F7AE95 /* AIRGoogleMapCircleManager.h */,
				DCB889502324303E00F7AE95 /* AIRGoogleMapPolygon.m */,
				DCB889512324303E00F7AE95 /* AIRGMSMarker.m */,
				DCB889522324303E00F7AE95 /* AIRGoogleMapCalloutSubview.m */,
			);
			path = AirGoogleMaps;
			sourceTree = "<group>";
		};
/* End PBXGroup section */

/* Begin PBXNativeTarget section */
		00E356ED1AD99517003FC87E /* cuisineTests */ = {
			isa = PBXNativeTarget;
			buildConfigurationList = 00E357021AD99517003FC87E /* Build configuration list for PBXNativeTarget "cuisineTests" */;
			buildPhases = (
				1F28DFC956EDFFDEC758E4DF /* [CP] Check Pods Manifest.lock */,
				00E356EA1AD99517003FC87E /* Sources */,
				00E356EB1AD99517003FC87E /* Frameworks */,
				00E356EC1AD99517003FC87E /* Resources */,
			);
			buildRules = (
			);
			dependencies = (
				00E356F51AD99517003FC87E /* PBXTargetDependency */,
			);
			name = cuisineTests;
			productName = cuisineTests;
			productReference = 00E356EE1AD99517003FC87E /* cuisineTests.xctest */;
			productType = "com.apple.product-type.bundle.unit-test";
		};
		13B07F861A680F5B00A75B9A /* cuisine */ = {
			isa = PBXNativeTarget;
			buildConfigurationList = 13B07F931A680F5B00A75B9A /* Build configuration list for PBXNativeTarget "cuisine" */;
			buildPhases = (
				FDE6E0D6DF1669F1EC6319E2 /* [CP] Check Pods Manifest.lock */,
				FD10A7F022414F080027D42C /* Start Packager */,
				13B07F871A680F5B00A75B9A /* Sources */,
				13B07F8C1A680F5B00A75B9A /* Frameworks */,
				13B07F8E1A680F5B00A75B9A /* Resources */,
				00DD1BFF1BD5951E006B06BC /* Bundle React Native code and images */,
				2EC520913795BA4184C42312 /* [CP] Copy Pods Resources */,
			);
			buildRules = (
			);
			dependencies = (
			);
			name = cuisine;
			productName = cuisine;
			productReference = 13B07F961A680F5B00A75B9A /* cuisine.app */;
			productType = "com.apple.product-type.application";
		};
		2D02E47A1E0B4A5D006451C7 /* cuisine-tvOS */ = {
			isa = PBXNativeTarget;
			buildConfigurationList = 2D02E4BA1E0B4A5E006451C7 /* Build configuration list for PBXNativeTarget "cuisine-tvOS" */;
			buildPhases = (
				67C8DD771100F780063A23FB /* [CP] Check Pods Manifest.lock */,
				FD10A7F122414F3F0027D42C /* Start Packager */,
				2D02E4771E0B4A5D006451C7 /* Sources */,
				2D02E4781E0B4A5D006451C7 /* Frameworks */,
				2D02E4791E0B4A5D006451C7 /* Resources */,
				2D02E4CB1E0B4B27006451C7 /* Bundle React Native Code And Images */,
			);
			buildRules = (
			);
			dependencies = (
			);
			name = "cuisine-tvOS";
			productName = "cuisine-tvOS";
			productReference = 2D02E47B1E0B4A5D006451C7 /* cuisine-tvOS.app */;
			productType = "com.apple.product-type.application";
		};
		2D02E48F1E0B4A5D006451C7 /* cuisine-tvOSTests */ = {
			isa = PBXNativeTarget;
			buildConfigurationList = 2D02E4BB1E0B4A5E006451C7 /* Build configuration list for PBXNativeTarget "cuisine-tvOSTests" */;
			buildPhases = (
				383D5BD6BAD2C9E4F0BB871F /* [CP] Check Pods Manifest.lock */,
				2D02E48C1E0B4A5D006451C7 /* Sources */,
				2D02E48D1E0B4A5D006451C7 /* Frameworks */,
				2D02E48E1E0B4A5D006451C7 /* Resources */,
			);
			buildRules = (
			);
			dependencies = (
				2D02E4921E0B4A5D006451C7 /* PBXTargetDependency */,
			);
			name = "cuisine-tvOSTests";
			productName = "cuisine-tvOSTests";
			productReference = 2D02E4901E0B4A5D006451C7 /* cuisine-tvOSTests.xctest */;
			productType = "com.apple.product-type.bundle.unit-test";
		};
/* End PBXNativeTarget section */

/* Begin PBXProject section */
		83CBB9F71A601CBA00E9B192 /* Project object */ = {
			isa = PBXProject;
			attributes = {
				LastUpgradeCheck = 940;
				ORGANIZATIONNAME = Facebook;
				TargetAttributes = {
					00E356ED1AD99517003FC87E = {
						CreatedOnToolsVersion = 6.2;
						TestTargetID = 13B07F861A680F5B00A75B9A;
					};
					2D02E47A1E0B4A5D006451C7 = {
						CreatedOnToolsVersion = 8.2.1;
						ProvisioningStyle = Automatic;
					};
					2D02E48F1E0B4A5D006451C7 = {
						CreatedOnToolsVersion = 8.2.1;
						ProvisioningStyle = Automatic;
						TestTargetID = 2D02E47A1E0B4A5D006451C7;
					};
				};
			};
			buildConfigurationList = 83CBB9FA1A601CBA00E9B192 /* Build configuration list for PBXProject "cuisine" */;
			compatibilityVersion = "Xcode 3.2";
			developmentRegion = English;
			hasScannedForEncodings = 0;
			knownRegions = (
				English,
				en,
				Base,
			);
			mainGroup = 83CBB9F61A601CBA00E9B192;
			productRefGroup = 83CBBA001A601CBA00E9B192 /* Products */;
			projectDirPath = "";
			projectRoot = "";
			targets = (
				13B07F861A680F5B00A75B9A /* cuisine */,
				00E356ED1AD99517003FC87E /* cuisineTests */,
				2D02E47A1E0B4A5D006451C7 /* cuisine-tvOS */,
				2D02E48F1E0B4A5D006451C7 /* cuisine-tvOSTests */,
			);
		};
/* End PBXProject section */

/* Begin PBXResourcesBuildPhase section */
		00E356EC1AD99517003FC87E /* Resources */ = {
			isa = PBXResourcesBuildPhase;
			buildActionMask = 2147483647;
			files = (
			);
			runOnlyForDeploymentPostprocessing = 0;
		};
		13B07F8E1A680F5B00A75B9A /* Resources */ = {
			isa = PBXResourcesBuildPhase;
			buildActionMask = 2147483647;
			files = (
				13B07FBF1A68108700A75B9A /* Images.xcassets in Resources */,
				13B07FBD1A68108700A75B9A /* LaunchScreen.xib in Resources */,
				2E8A21BB46254CE590452890 /* AntDesign.ttf in Resources */,
				4FEBF381581941F9857F32E4 /* Entypo.ttf in Resources */,
				40D36013015540589C5ADB10 /* EvilIcons.ttf in Resources */,
				BF893C88D50C465490C3AAF7 /* Feather.ttf in Resources */,
				3BA2C8A624BC4859969D6E14 /* FontAwesome.ttf in Resources */,
				7D56CB03CD8741C08ADCBAA6 /* FontAwesome5_Brands.ttf in Resources */,
				47DE55B1970D4C3A9F0593AD /* FontAwesome5_Regular.ttf in Resources */,
				F9CD7214D38E46ED921D76C4 /* FontAwesome5_Solid.ttf in Resources */,
				4CBCAEE136C54D5E8E22A0AC /* Fontisto.ttf in Resources */,
				C417BB2786E24546BB24F234 /* Foundation.ttf in Resources */,
				7E9781842D124FB592DEC811 /* Ionicons.ttf in Resources */,
				CCF9A2B285BD47F580725690 /* MaterialCommunityIcons.ttf in Resources */,
				411EB2A212A64192AB3168AE /* MaterialIcons.ttf in Resources */,
				E1655BE0263F4DE191658E00 /* Octicons.ttf in Resources */,
				15E50D9D90D343118955EDE4 /* SimpleLineIcons.ttf in Resources */,
				973178DA00884A2AA208EC82 /* Zocial.ttf in Resources */,
				0AB591DDF82B4106AC848109 /* Raleway-Black.ttf in Resources */,
				9A7E8B9B57FF4121BC7128C3 /* Raleway-BlackItalic.ttf in Resources */,
				0FC8FEF8C3AB456890768353 /* Raleway-Bold.ttf in Resources */,
				82FE22C260E9425499489D84 /* Raleway-BoldItalic.ttf in Resources */,
				A050F2D2206F4A1CB45B2F4D /* Raleway-ExtraBold.ttf in Resources */,
				12EAB2932BCB43529847D3B6 /* Raleway-ExtraBoldItalic.ttf in Resources */,
				8A6393217D8A4CC38340209B /* Raleway-ExtraLight.ttf in Resources */,
				2F1489A2185B45F481C3C0E9 /* Raleway-ExtraLightItalic.ttf in Resources */,
				B3D64D5ABCD24158888827E0 /* Raleway-Light.ttf in Resources */,
				177EFB7E73FB4C4584FB2743 /* Raleway-LightItalic.ttf in Resources */,
				69A7843ABAA24FB38F4F3CB2 /* Raleway-Medium.ttf in Resources */,
				5C5CE1B0B46447E7A55FBDE0 /* Raleway-MediumItalic.ttf in Resources */,
				047ED2B2A4C04536BC2D8D61 /* Raleway-Regular.ttf in Resources */,
				692B91A6E98D455D99334280 /* Raleway-RegularItalic.ttf in Resources */,
				EF1F21D26C27440EA6F586A8 /* Raleway-SemiBold.ttf in Resources */,
				FCEEEF8EDBE14756B2BCEDF5 /* Raleway-SemiBoldItalic.ttf in Resources */,
				0413C4506FC546EFA60445CF /* Raleway-Thin.ttf in Resources */,
				49828CB3FC33494EA82C538A /* Raleway-ThinItalic.ttf in Resources */,
			);
			runOnlyForDeploymentPostprocessing = 0;
		};
		2D02E4791E0B4A5D006451C7 /* Resources */ = {
			isa = PBXResourcesBuildPhase;
			buildActionMask = 2147483647;
			files = (
				2D02E4BD1E0B4A84006451C7 /* Images.xcassets in Resources */,
			);
			runOnlyForDeploymentPostprocessing = 0;
		};
		2D02E48E1E0B4A5D006451C7 /* Resources */ = {
			isa = PBXResourcesBuildPhase;
			buildActionMask = 2147483647;
			files = (
			);
			runOnlyForDeploymentPostprocessing = 0;
		};
/* End PBXResourcesBuildPhase section */

/* Begin PBXShellScriptBuildPhase section */
		00DD1BFF1BD5951E006B06BC /* Bundle React Native code and images */ = {
			isa = PBXShellScriptBuildPhase;
			buildActionMask = 2147483647;
			files = (
			);
			inputPaths = (
			);
			name = "Bundle React Native code and images";
			outputPaths = (
			);
			runOnlyForDeploymentPostprocessing = 0;
			shellPath = /bin/sh;
			shellScript = "export NODE_BINARY=node\n../node_modules/react-native/scripts/react-native-xcode.sh";
		};
		1F28DFC956EDFFDEC758E4DF /* [CP] Check Pods Manifest.lock */ = {
			isa = PBXShellScriptBuildPhase;
			buildActionMask = 2147483647;
			files = (
			);
			inputFileListPaths = (
			);
			inputPaths = (
				"${PODS_PODFILE_DIR_PATH}/Podfile.lock",
				"${PODS_ROOT}/Manifest.lock",
			);
			name = "[CP] Check Pods Manifest.lock";
			outputFileListPaths = (
			);
			outputPaths = (
				"$(DERIVED_FILE_DIR)/Pods-cuisineTests-checkManifestLockResult.txt",
			);
			runOnlyForDeploymentPostprocessing = 0;
			shellPath = /bin/sh;
			shellScript = "diff \"${PODS_PODFILE_DIR_PATH}/Podfile.lock\" \"${PODS_ROOT}/Manifest.lock\" > /dev/null\nif [ $? != 0 ] ; then\n    # print error to STDERR\n    echo \"error: The sandbox is not in sync with the Podfile.lock. Run 'pod install' or update your CocoaPods installation.\" >&2\n    exit 1\nfi\n# This output is used by Xcode 'outputs' to avoid re-running this script phase.\necho \"SUCCESS\" > \"${SCRIPT_OUTPUT_FILE_0}\"\n";
			showEnvVarsInLog = 0;
		};
		2D02E4CB1E0B4B27006451C7 /* Bundle React Native Code And Images */ = {
			isa = PBXShellScriptBuildPhase;
			buildActionMask = 2147483647;
			files = (
			);
			inputPaths = (
			);
			name = "Bundle React Native Code And Images";
			outputPaths = (
			);
			runOnlyForDeploymentPostprocessing = 0;
			shellPath = /bin/sh;
			shellScript = "export NODE_BINARY=node\n../node_modules/react-native/scripts/react-native-xcode.sh";
		};
		2EC520913795BA4184C42312 /* [CP] Copy Pods Resources */ = {
			isa = PBXShellScriptBuildPhase;
			buildActionMask = 2147483647;
			files = (
			);
			inputPaths = (
				"${PODS_ROOT}/Target Support Files/Pods-cuisine/Pods-cuisine-resources.sh",
				"${PODS_ROOT}/GoogleMaps/Maps/Frameworks/GoogleMaps.framework/Resources/GoogleMaps.bundle",
				"${PODS_ROOT}/../../node_modules/react-native-vector-icons/Fonts/AntDesign.ttf",
				"${PODS_ROOT}/../../node_modules/react-native-vector-icons/Fonts/Entypo.ttf",
				"${PODS_ROOT}/../../node_modules/react-native-vector-icons/Fonts/EvilIcons.ttf",
				"${PODS_ROOT}/../../node_modules/react-native-vector-icons/Fonts/Feather.ttf",
				"${PODS_ROOT}/../../node_modules/react-native-vector-icons/Fonts/FontAwesome.ttf",
				"${PODS_ROOT}/../../node_modules/react-native-vector-icons/Fonts/FontAwesome5_Brands.ttf",
				"${PODS_ROOT}/../../node_modules/react-native-vector-icons/Fonts/FontAwesome5_Regular.ttf",
				"${PODS_ROOT}/../../node_modules/react-native-vector-icons/Fonts/FontAwesome5_Solid.ttf",
				"${PODS_ROOT}/../../node_modules/react-native-vector-icons/Fonts/Fontisto.ttf",
				"${PODS_ROOT}/../../node_modules/react-native-vector-icons/Fonts/Foundation.ttf",
				"${PODS_ROOT}/../../node_modules/react-native-vector-icons/Fonts/Ionicons.ttf",
				"${PODS_ROOT}/../../node_modules/react-native-vector-icons/Fonts/MaterialCommunityIcons.ttf",
				"${PODS_ROOT}/../../node_modules/react-native-vector-icons/Fonts/MaterialIcons.ttf",
				"${PODS_ROOT}/../../node_modules/react-native-vector-icons/Fonts/Octicons.ttf",
				"${PODS_ROOT}/../../node_modules/react-native-vector-icons/Fonts/SimpleLineIcons.ttf",
				"${PODS_ROOT}/../../node_modules/react-native-vector-icons/Fonts/Zocial.ttf",
			);
			name = "[CP] Copy Pods Resources";
			outputPaths = (
				"${TARGET_BUILD_DIR}/${UNLOCALIZED_RESOURCES_FOLDER_PATH}/GoogleMaps.bundle",
				"${TARGET_BUILD_DIR}/${UNLOCALIZED_RESOURCES_FOLDER_PATH}/AntDesign.ttf",
				"${TARGET_BUILD_DIR}/${UNLOCALIZED_RESOURCES_FOLDER_PATH}/Entypo.ttf",
				"${TARGET_BUILD_DIR}/${UNLOCALIZED_RESOURCES_FOLDER_PATH}/EvilIcons.ttf",
				"${TARGET_BUILD_DIR}/${UNLOCALIZED_RESOURCES_FOLDER_PATH}/Feather.ttf",
				"${TARGET_BUILD_DIR}/${UNLOCALIZED_RESOURCES_FOLDER_PATH}/FontAwesome.ttf",
				"${TARGET_BUILD_DIR}/${UNLOCALIZED_RESOURCES_FOLDER_PATH}/FontAwesome5_Brands.ttf",
				"${TARGET_BUILD_DIR}/${UNLOCALIZED_RESOURCES_FOLDER_PATH}/FontAwesome5_Regular.ttf",
				"${TARGET_BUILD_DIR}/${UNLOCALIZED_RESOURCES_FOLDER_PATH}/FontAwesome5_Solid.ttf",
				"${TARGET_BUILD_DIR}/${UNLOCALIZED_RESOURCES_FOLDER_PATH}/Fontisto.ttf",
				"${TARGET_BUILD_DIR}/${UNLOCALIZED_RESOURCES_FOLDER_PATH}/Foundation.ttf",
				"${TARGET_BUILD_DIR}/${UNLOCALIZED_RESOURCES_FOLDER_PATH}/Ionicons.ttf",
				"${TARGET_BUILD_DIR}/${UNLOCALIZED_RESOURCES_FOLDER_PATH}/MaterialCommunityIcons.ttf",
				"${TARGET_BUILD_DIR}/${UNLOCALIZED_RESOURCES_FOLDER_PATH}/MaterialIcons.ttf",
				"${TARGET_BUILD_DIR}/${UNLOCALIZED_RESOURCES_FOLDER_PATH}/Octicons.ttf",
				"${TARGET_BUILD_DIR}/${UNLOCALIZED_RESOURCES_FOLDER_PATH}/SimpleLineIcons.ttf",
				"${TARGET_BUILD_DIR}/${UNLOCALIZED_RESOURCES_FOLDER_PATH}/Zocial.ttf",
			);
			runOnlyForDeploymentPostprocessing = 0;
			shellPath = /bin/sh;
			shellScript = "\"${PODS_ROOT}/Target Support Files/Pods-cuisine/Pods-cuisine-resources.sh\"\n";
			showEnvVarsInLog = 0;
		};
		383D5BD6BAD2C9E4F0BB871F /* [CP] Check Pods Manifest.lock */ = {
			isa = PBXShellScriptBuildPhase;
			buildActionMask = 2147483647;
			files = (
			);
			inputFileListPaths = (
			);
			inputPaths = (
				"${PODS_PODFILE_DIR_PATH}/Podfile.lock",
				"${PODS_ROOT}/Manifest.lock",
			);
			name = "[CP] Check Pods Manifest.lock";
			outputFileListPaths = (
			);
			outputPaths = (
				"$(DERIVED_FILE_DIR)/Pods-cuisine-tvOSTests-checkManifestLockResult.txt",
			);
			runOnlyForDeploymentPostprocessing = 0;
			shellPath = /bin/sh;
			shellScript = "diff \"${PODS_PODFILE_DIR_PATH}/Podfile.lock\" \"${PODS_ROOT}/Manifest.lock\" > /dev/null\nif [ $? != 0 ] ; then\n    # print error to STDERR\n    echo \"error: The sandbox is not in sync with the Podfile.lock. Run 'pod install' or update your CocoaPods installation.\" >&2\n    exit 1\nfi\n# This output is used by Xcode 'outputs' to avoid re-running this script phase.\necho \"SUCCESS\" > \"${SCRIPT_OUTPUT_FILE_0}\"\n";
			showEnvVarsInLog = 0;
		};
		67C8DD771100F780063A23FB /* [CP] Check Pods Manifest.lock */ = {
			isa = PBXShellScriptBuildPhase;
			buildActionMask = 2147483647;
			files = (
			);
			inputFileListPaths = (
			);
			inputPaths = (
				"${PODS_PODFILE_DIR_PATH}/Podfile.lock",
				"${PODS_ROOT}/Manifest.lock",
			);
			name = "[CP] Check Pods Manifest.lock";
			outputFileListPaths = (
			);
			outputPaths = (
				"$(DERIVED_FILE_DIR)/Pods-cuisine-tvOS-checkManifestLockResult.txt",
			);
			runOnlyForDeploymentPostprocessing = 0;
			shellPath = /bin/sh;
			shellScript = "diff \"${PODS_PODFILE_DIR_PATH}/Podfile.lock\" \"${PODS_ROOT}/Manifest.lock\" > /dev/null\nif [ $? != 0 ] ; then\n    # print error to STDERR\n    echo \"error: The sandbox is not in sync with the Podfile.lock. Run 'pod install' or update your CocoaPods installation.\" >&2\n    exit 1\nfi\n# This output is used by Xcode 'outputs' to avoid re-running this script phase.\necho \"SUCCESS\" > \"${SCRIPT_OUTPUT_FILE_0}\"\n";
			showEnvVarsInLog = 0;
		};
		FD10A7F022414F080027D42C /* Start Packager */ = {
			isa = PBXShellScriptBuildPhase;
			buildActionMask = 2147483647;
			files = (
			);
			inputFileListPaths = (
			);
			inputPaths = (
			);
			name = "Start Packager";
			outputFileListPaths = (
			);
			outputPaths = (
			);
			runOnlyForDeploymentPostprocessing = 0;
			shellPath = /bin/sh;
			shellScript = "export RCT_METRO_PORT=\"${RCT_METRO_PORT:=8081}\"\necho \"export RCT_METRO_PORT=${RCT_METRO_PORT}\" > \"${SRCROOT}/../node_modules/react-native/scripts/.packager.env\"\nif [ -z \"${RCT_NO_LAUNCH_PACKAGER+xxx}\" ] ; then\n  if nc -w 5 -z localhost ${RCT_METRO_PORT} ; then\n    if ! curl -s \"http://localhost:${RCT_METRO_PORT}/status\" | grep -q \"packager-status:running\" ; then\n      echo \"Port ${RCT_METRO_PORT} already in use, packager is either not running or not running correctly\"\n      exit 2\n    fi\n  else\n    open \"$SRCROOT/../node_modules/react-native/scripts/launchPackager.command\" || echo \"Can't start packager automatically\"\n  fi\nfi\n";
			showEnvVarsInLog = 0;
		};
		FD10A7F122414F3F0027D42C /* Start Packager */ = {
			isa = PBXShellScriptBuildPhase;
			buildActionMask = 2147483647;
			files = (
			);
			inputFileListPaths = (
			);
			inputPaths = (
			);
			name = "Start Packager";
			outputFileListPaths = (
			);
			outputPaths = (
			);
			runOnlyForDeploymentPostprocessing = 0;
			shellPath = /bin/sh;
			shellScript = "export RCT_METRO_PORT=\"${RCT_METRO_PORT:=8081}\"\necho \"export RCT_METRO_PORT=${RCT_METRO_PORT}\" > \"${SRCROOT}/../node_modules/react-native/scripts/.packager.env\"\nif [ -z \"${RCT_NO_LAUNCH_PACKAGER+xxx}\" ] ; then\n  if nc -w 5 -z localhost ${RCT_METRO_PORT} ; then\n    if ! curl -s \"http://localhost:${RCT_METRO_PORT}/status\" | grep -q \"packager-status:running\" ; then\n      echo \"Port ${RCT_METRO_PORT} already in use, packager is either not running or not running correctly\"\n      exit 2\n    fi\n  else\n    open \"$SRCROOT/../node_modules/react-native/scripts/launchPackager.command\" || echo \"Can't start packager automatically\"\n  fi\nfi\n";
			showEnvVarsInLog = 0;
		};
		FDE6E0D6DF1669F1EC6319E2 /* [CP] Check Pods Manifest.lock */ = {
			isa = PBXShellScriptBuildPhase;
			buildActionMask = 2147483647;
			files = (
			);
			inputFileListPaths = (
			);
			inputPaths = (
				"${PODS_PODFILE_DIR_PATH}/Podfile.lock",
				"${PODS_ROOT}/Manifest.lock",
			);
			name = "[CP] Check Pods Manifest.lock";
			outputFileListPaths = (
			);
			outputPaths = (
				"$(DERIVED_FILE_DIR)/Pods-cuisine-checkManifestLockResult.txt",
			);
			runOnlyForDeploymentPostprocessing = 0;
			shellPath = /bin/sh;
			shellScript = "diff \"${PODS_PODFILE_DIR_PATH}/Podfile.lock\" \"${PODS_ROOT}/Manifest.lock\" > /dev/null\nif [ $? != 0 ] ; then\n    # print error to STDERR\n    echo \"error: The sandbox is not in sync with the Podfile.lock. Run 'pod install' or update your CocoaPods installation.\" >&2\n    exit 1\nfi\n# This output is used by Xcode 'outputs' to avoid re-running this script phase.\necho \"SUCCESS\" > \"${SCRIPT_OUTPUT_FILE_0}\"\n";
			showEnvVarsInLog = 0;
		};
/* End PBXShellScriptBuildPhase section */

/* Begin PBXSourcesBuildPhase section */
		00E356EA1AD99517003FC87E /* Sources */ = {
			isa = PBXSourcesBuildPhase;
			buildActionMask = 2147483647;
			files = (
				00E356F31AD99517003FC87E /* cuisineTests.m in Sources */,
			);
			runOnlyForDeploymentPostprocessing = 0;
		};
		13B07F871A680F5B00A75B9A /* Sources */ = {
			isa = PBXSourcesBuildPhase;
			buildActionMask = 2147483647;
			files = (
				DCB889682324303E00F7AE95 /* AIRGoogleMap.m in Sources */,
				DCB889542324303E00F7AE95 /* AIRGoogleMapUrlTile.m in Sources */,
				DCB8895F2324303E00F7AE95 /* AIRGoogleMapWMSTile.m in Sources */,
				DCB889552324303E00F7AE95 /* AIRGoogleMapPolygonManager.m in Sources */,
				DCB889612324303E00F7AE95 /* AIRGMSPolyline.m in Sources */,
				DCB8896B2324303E00F7AE95 /* AIRGoogleMapCalloutSubview.m in Sources */,
				DCB889582324303E00F7AE95 /* AIRGoogleMapURLTileManager.m in Sources */,
				DCB8895D2324303E00F7AE95 /* AIRGoogleMapMarkerManager.m in Sources */,
				DCB889562324303E00F7AE95 /* AIRGoogleMapMarker.m in Sources */,
				DCB8896A2324303E00F7AE95 /* AIRGMSMarker.m in Sources */,
				DCB889692324303E00F7AE95 /* AIRGoogleMapPolygon.m in Sources */,
				DCB889532324303E00F7AE95 /* AIRDummyView.m in Sources */,
				DCB8895E2324303E00F7AE95 /* AIRGoogleMapPolyline.m in Sources */,
				DCB889572324303E00F7AE95 /* AIRGMSPolygon.m in Sources */,
				DCB889602324303E00F7AE95 /* AIRGoogleMapOverlay.m in Sources */,
				DCB889662324303E00F7AE95 /* AIRGoogleMapCallout.m in Sources */,
				DCB8895A2324303E00F7AE95 /* AIRGoogleMapCircle.m in Sources */,
				DCB8895B2324303E00F7AE95 /* AIRGoogleMapCircleManager.m in Sources */,
				DCB889642324303E00F7AE95 /* RCTConvert+GMSMapViewType.m in Sources */,
				DCB889592324303E00F7AE95 /* AIRGoogleMapWMSTileManager.m in Sources */,
				DCB889652324303E00F7AE95 /* AIRGoogleMapCalloutSubviewManager.m in Sources */,
				DCB889622324303E00F7AE95 /* AIRGoogleMapPolylineManager.m in Sources */,
				DCB8895C2324303E00F7AE95 /* AIRGoogleMapCalloutManager.m in Sources */,
				13B07FBC1A68108700A75B9A /* AppDelegate.m in Sources */,
				DCB889672324303E00F7AE95 /* AIRGoogleMapOverlayManager.m in Sources */,
				DCB889632324303E00F7AE95 /* AIRGoogleMapManager.m in Sources */,
				13B07FC11A68108700A75B9A /* main.m in Sources */,
			);
			runOnlyForDeploymentPostprocessing = 0;
		};
		2D02E4771E0B4A5D006451C7 /* Sources */ = {
			isa = PBXSourcesBuildPhase;
			buildActionMask = 2147483647;
			files = (
				2D02E4BF1E0B4AB3006451C7 /* main.m in Sources */,
				2D02E4BC1E0B4A80006451C7 /* AppDelegate.m in Sources */,
			);
			runOnlyForDeploymentPostprocessing = 0;
		};
		2D02E48C1E0B4A5D006451C7 /* Sources */ = {
			isa = PBXSourcesBuildPhase;
			buildActionMask = 2147483647;
			files = (
				2DCD954D1E0B4F2C00145EB5 /* cuisineTests.m in Sources */,
			);
			runOnlyForDeploymentPostprocessing = 0;
		};
/* End PBXSourcesBuildPhase section */

/* Begin PBXTargetDependency section */
		00E356F51AD99517003FC87E /* PBXTargetDependency */ = {
			isa = PBXTargetDependency;
			target = 13B07F861A680F5B00A75B9A /* cuisine */;
			targetProxy = 00E356F41AD99517003FC87E /* PBXContainerItemProxy */;
		};
		2D02E4921E0B4A5D006451C7 /* PBXTargetDependency */ = {
			isa = PBXTargetDependency;
			target = 2D02E47A1E0B4A5D006451C7 /* cuisine-tvOS */;
			targetProxy = 2D02E4911E0B4A5D006451C7 /* PBXContainerItemProxy */;
		};
/* End PBXTargetDependency section */

/* Begin PBXVariantGroup section */
		13B07FB11A68108700A75B9A /* LaunchScreen.xib */ = {
			isa = PBXVariantGroup;
			children = (
				13B07FB21A68108700A75B9A /* Base */,
			);
			name = LaunchScreen.xib;
			path = cuisine;
			sourceTree = "<group>";
		};
/* End PBXVariantGroup section */

/* Begin XCBuildConfiguration section */
		00E356F61AD99517003FC87E /* Debug */ = {
			isa = XCBuildConfiguration;
			baseConfigurationReference = F970A16FF1287538914F6165 /* Pods-cuisineTests.debug.xcconfig */;
			buildSettings = {
				BUNDLE_LOADER = "$(TEST_HOST)";
				GCC_PREPROCESSOR_DEFINITIONS = (
					"DEBUG=1",
					"$(inherited)",
				);
				HEADER_SEARCH_PATHS = "$(inherited)";
				INFOPLIST_FILE = cuisineTests/Info.plist;
				IPHONEOS_DEPLOYMENT_TARGET = 9.0;
				LD_RUNPATH_SEARCH_PATHS = "$(inherited) @executable_path/Frameworks @loader_path/Frameworks";
				LIBRARY_SEARCH_PATHS = "$(inherited)";
				OTHER_LDFLAGS = (
					"-ObjC",
					"-lc++",
					"$(inherited)",
				);
				PRODUCT_BUNDLE_IDENTIFIER = "org.reactjs.native.example.$(PRODUCT_NAME:rfc1034identifier)";
				PRODUCT_NAME = "$(TARGET_NAME)";
				TEST_HOST = "$(BUILT_PRODUCTS_DIR)/cuisine.app/cuisine";
			};
			name = Debug;
		};
		00E356F71AD99517003FC87E /* Release */ = {
			isa = XCBuildConfiguration;
			baseConfigurationReference = D666421B06D3F9FDF1D67217 /* Pods-cuisineTests.release.xcconfig */;
			buildSettings = {
				BUNDLE_LOADER = "$(TEST_HOST)";
				COPY_PHASE_STRIP = NO;
				HEADER_SEARCH_PATHS = "$(inherited)";
				INFOPLIST_FILE = cuisineTests/Info.plist;
				IPHONEOS_DEPLOYMENT_TARGET = 9.0;
				LD_RUNPATH_SEARCH_PATHS = "$(inherited) @executable_path/Frameworks @loader_path/Frameworks";
				LIBRARY_SEARCH_PATHS = "$(inherited)";
				OTHER_LDFLAGS = (
					"-ObjC",
					"-lc++",
					"$(inherited)",
				);
				PRODUCT_BUNDLE_IDENTIFIER = "org.reactjs.native.example.$(PRODUCT_NAME:rfc1034identifier)";
				PRODUCT_NAME = "$(TARGET_NAME)";
				TEST_HOST = "$(BUILT_PRODUCTS_DIR)/cuisine.app/cuisine";
			};
			name = Release;
		};
		13B07F941A680F5B00A75B9A /* Debug */ = {
			isa = XCBuildConfiguration;
			baseConfigurationReference = C0262746A7EA89E8BE0EA840 /* Pods-cuisine.debug.xcconfig */;
			buildSettings = {
				ASSETCATALOG_COMPILER_APPICON_NAME = AppIcon;
				CURRENT_PROJECT_VERSION = 1;
				DEAD_CODE_STRIPPING = NO;
				HEADER_SEARCH_PATHS = "$(inherited)/**";
				INFOPLIST_FILE = cuisine/Info.plist;
				LD_RUNPATH_SEARCH_PATHS = "$(inherited) @executable_path/Frameworks";
				OTHER_LDFLAGS = (
					"$(inherited)",
					"-ObjC",
					"-lc++",
				);
				PRODUCT_BUNDLE_IDENTIFIER = "org.reactjs.native.example.$(PRODUCT_NAME:rfc1034identifier)";
				PRODUCT_NAME = cuisine;
				VERSIONING_SYSTEM = "apple-generic";
			};
			name = Debug;
		};
		13B07F951A680F5B00A75B9A /* Release */ = {
			isa = XCBuildConfiguration;
			baseConfigurationReference = 6B92EC7E823E5D304B6D92A0 /* Pods-cuisine.release.xcconfig */;
			buildSettings = {
				ASSETCATALOG_COMPILER_APPICON_NAME = AppIcon;
				CURRENT_PROJECT_VERSION = 1;
				HEADER_SEARCH_PATHS = "$(inherited)/**";
				INFOPLIST_FILE = cuisine/Info.plist;
				LD_RUNPATH_SEARCH_PATHS = "$(inherited) @executable_path/Frameworks";
				OTHER_LDFLAGS = (
					"$(inherited)",
					"-ObjC",
					"-lc++",
				);
				PRODUCT_BUNDLE_IDENTIFIER = "org.reactjs.native.example.$(PRODUCT_NAME:rfc1034identifier)";
				PRODUCT_NAME = cuisine;
				VERSIONING_SYSTEM = "apple-generic";
			};
			name = Release;
		};
		2D02E4971E0B4A5E006451C7 /* Debug */ = {
			isa = XCBuildConfiguration;
			baseConfigurationReference = 07BFB31120058AC927A5D316 /* Pods-cuisine-tvOS.debug.xcconfig */;
			buildSettings = {
				ASSETCATALOG_COMPILER_APPICON_NAME = "App Icon & Top Shelf Image";
				ASSETCATALOG_COMPILER_LAUNCHIMAGE_NAME = LaunchImage;
				CLANG_ANALYZER_NONNULL = YES;
				CLANG_WARN_DOCUMENTATION_COMMENTS = YES;
				CLANG_WARN_INFINITE_RECURSION = YES;
				CLANG_WARN_SUSPICIOUS_MOVE = YES;
				DEBUG_INFORMATION_FORMAT = dwarf;
				ENABLE_TESTABILITY = YES;
				GCC_NO_COMMON_BLOCKS = YES;
				HEADER_SEARCH_PATHS = "$(inherited)";
				INFOPLIST_FILE = "cuisine-tvOS/Info.plist";
				LD_RUNPATH_SEARCH_PATHS = "$(inherited) @executable_path/Frameworks";
				LIBRARY_SEARCH_PATHS = "$(inherited)";
				OTHER_LDFLAGS = (
					"$(inherited)",
					"-ObjC",
					"-lc++",
				);
				PRODUCT_BUNDLE_IDENTIFIER = "com.facebook.REACT.cuisine-tvOS";
				PRODUCT_NAME = "$(TARGET_NAME)";
				SDKROOT = appletvos;
				TARGETED_DEVICE_FAMILY = 3;
				TVOS_DEPLOYMENT_TARGET = 9.2;
			};
			name = Debug;
		};
		2D02E4981E0B4A5E006451C7 /* Release */ = {
			isa = XCBuildConfiguration;
			baseConfigurationReference = 742B81FE453D52D5564FEC39 /* Pods-cuisine-tvOS.release.xcconfig */;
			buildSettings = {
				ASSETCATALOG_COMPILER_APPICON_NAME = "App Icon & Top Shelf Image";
				ASSETCATALOG_COMPILER_LAUNCHIMAGE_NAME = LaunchImage;
				CLANG_ANALYZER_NONNULL = YES;
				CLANG_WARN_DOCUMENTATION_COMMENTS = YES;
				CLANG_WARN_INFINITE_RECURSION = YES;
				CLANG_WARN_SUSPICIOUS_MOVE = YES;
				COPY_PHASE_STRIP = NO;
				DEBUG_INFORMATION_FORMAT = "dwarf-with-dsym";
				GCC_NO_COMMON_BLOCKS = YES;
				HEADER_SEARCH_PATHS = "$(inherited)";
				INFOPLIST_FILE = "cuisine-tvOS/Info.plist";
				LD_RUNPATH_SEARCH_PATHS = "$(inherited) @executable_path/Frameworks";
				LIBRARY_SEARCH_PATHS = "$(inherited)";
				OTHER_LDFLAGS = (
					"$(inherited)",
					"-ObjC",
					"-lc++",
				);
				PRODUCT_BUNDLE_IDENTIFIER = "com.facebook.REACT.cuisine-tvOS";
				PRODUCT_NAME = "$(TARGET_NAME)";
				SDKROOT = appletvos;
				TARGETED_DEVICE_FAMILY = 3;
				TVOS_DEPLOYMENT_TARGET = 9.2;
			};
			name = Release;
		};
		2D02E4991E0B4A5E006451C7 /* Debug */ = {
			isa = XCBuildConfiguration;
			baseConfigurationReference = 093A61D047042FD826B3445B /* Pods-cuisine-tvOSTests.debug.xcconfig */;
			buildSettings = {
				BUNDLE_LOADER = "$(TEST_HOST)";
				CLANG_ANALYZER_NONNULL = YES;
				CLANG_WARN_DOCUMENTATION_COMMENTS = YES;
				CLANG_WARN_INFINITE_RECURSION = YES;
				CLANG_WARN_SUSPICIOUS_MOVE = YES;
				DEBUG_INFORMATION_FORMAT = dwarf;
				ENABLE_TESTABILITY = YES;
				GCC_NO_COMMON_BLOCKS = YES;
				HEADER_SEARCH_PATHS = "$(inherited)";
				INFOPLIST_FILE = "cuisine-tvOSTests/Info.plist";
				LD_RUNPATH_SEARCH_PATHS = "$(inherited) @executable_path/Frameworks @loader_path/Frameworks";
				LIBRARY_SEARCH_PATHS = "$(inherited)";
				OTHER_LDFLAGS = (
					"$(inherited)",
					"-ObjC",
					"-lc++",
				);
				PRODUCT_BUNDLE_IDENTIFIER = "com.facebook.REACT.cuisine-tvOSTests";
				PRODUCT_NAME = "$(TARGET_NAME)";
				SDKROOT = appletvos;
				TEST_HOST = "$(BUILT_PRODUCTS_DIR)/cuisine-tvOS.app/cuisine-tvOS";
				TVOS_DEPLOYMENT_TARGET = 10.1;
			};
			name = Debug;
		};
		2D02E49A1E0B4A5E006451C7 /* Release */ = {
			isa = XCBuildConfiguration;
			baseConfigurationReference = A0B6B7AC46AA6DA9A60EA2D1 /* Pods-cuisine-tvOSTests.release.xcconfig */;
			buildSettings = {
				BUNDLE_LOADER = "$(TEST_HOST)";
				CLANG_ANALYZER_NONNULL = YES;
				CLANG_WARN_DOCUMENTATION_COMMENTS = YES;
				CLANG_WARN_INFINITE_RECURSION = YES;
				CLANG_WARN_SUSPICIOUS_MOVE = YES;
				COPY_PHASE_STRIP = NO;
				DEBUG_INFORMATION_FORMAT = "dwarf-with-dsym";
				GCC_NO_COMMON_BLOCKS = YES;
				HEADER_SEARCH_PATHS = "$(inherited)";
				INFOPLIST_FILE = "cuisine-tvOSTests/Info.plist";
				LD_RUNPATH_SEARCH_PATHS = "$(inherited) @executable_path/Frameworks @loader_path/Frameworks";
				LIBRARY_SEARCH_PATHS = "$(inherited)";
				OTHER_LDFLAGS = (
					"$(inherited)",
					"-ObjC",
					"-lc++",
				);
				PRODUCT_BUNDLE_IDENTIFIER = "com.facebook.REACT.cuisine-tvOSTests";
				PRODUCT_NAME = "$(TARGET_NAME)";
				SDKROOT = appletvos;
				TEST_HOST = "$(BUILT_PRODUCTS_DIR)/cuisine-tvOS.app/cuisine-tvOS";
				TVOS_DEPLOYMENT_TARGET = 10.1;
			};
			name = Release;
		};
		83CBBA201A601CBA00E9B192 /* Debug */ = {
			isa = XCBuildConfiguration;
			buildSettings = {
				ALWAYS_SEARCH_USER_PATHS = NO;
				CLANG_CXX_LANGUAGE_STANDARD = "gnu++0x";
				CLANG_CXX_LIBRARY = "libc++";
				CLANG_ENABLE_MODULES = YES;
				CLANG_ENABLE_OBJC_ARC = YES;
				CLANG_WARN_BLOCK_CAPTURE_AUTORELEASING = YES;
				CLANG_WARN_BOOL_CONVERSION = YES;
				CLANG_WARN_COMMA = YES;
				CLANG_WARN_CONSTANT_CONVERSION = YES;
				CLANG_WARN_DEPRECATED_OBJC_IMPLEMENTATIONS = YES;
				CLANG_WARN_DIRECT_OBJC_ISA_USAGE = YES_ERROR;
				CLANG_WARN_EMPTY_BODY = YES;
				CLANG_WARN_ENUM_CONVERSION = YES;
				CLANG_WARN_INFINITE_RECURSION = YES;
				CLANG_WARN_INT_CONVERSION = YES;
				CLANG_WARN_NON_LITERAL_NULL_CONVERSION = YES;
				CLANG_WARN_OBJC_IMPLICIT_RETAIN_SELF = YES;
				CLANG_WARN_OBJC_LITERAL_CONVERSION = YES;
				CLANG_WARN_OBJC_ROOT_CLASS = YES_ERROR;
				CLANG_WARN_RANGE_LOOP_ANALYSIS = YES;
				CLANG_WARN_STRICT_PROTOTYPES = YES;
				CLANG_WARN_SUSPICIOUS_MOVE = YES;
				CLANG_WARN_UNREACHABLE_CODE = YES;
				CLANG_WARN__DUPLICATE_METHOD_MATCH = YES;
				"CODE_SIGN_IDENTITY[sdk=iphoneos*]" = "iPhone Developer";
				COPY_PHASE_STRIP = NO;
				ENABLE_STRICT_OBJC_MSGSEND = YES;
				ENABLE_TESTABILITY = YES;
				GCC_C_LANGUAGE_STANDARD = gnu99;
				GCC_DYNAMIC_NO_PIC = NO;
				GCC_NO_COMMON_BLOCKS = YES;
				GCC_OPTIMIZATION_LEVEL = 0;
				GCC_PREPROCESSOR_DEFINITIONS = (
					"DEBUG=1",
					"$(inherited)",
					"HAVE_GOOGLE_MAPS=1",
				);
				GCC_SYMBOLS_PRIVATE_EXTERN = NO;
				GCC_WARN_64_TO_32_BIT_CONVERSION = YES;
				GCC_WARN_ABOUT_RETURN_TYPE = YES_ERROR;
				GCC_WARN_UNDECLARED_SELECTOR = YES;
				GCC_WARN_UNINITIALIZED_AUTOS = YES_AGGRESSIVE;
				GCC_WARN_UNUSED_FUNCTION = YES;
				GCC_WARN_UNUSED_VARIABLE = YES;
				IPHONEOS_DEPLOYMENT_TARGET = 9.0;
				MTL_ENABLE_DEBUG_INFO = YES;
				ONLY_ACTIVE_ARCH = YES;
				SDKROOT = iphoneos;
			};
			name = Debug;
		};
		83CBBA211A601CBA00E9B192 /* Release */ = {
			isa = XCBuildConfiguration;
			buildSettings = {
				ALWAYS_SEARCH_USER_PATHS = NO;
				CLANG_CXX_LANGUAGE_STANDARD = "gnu++0x";
				CLANG_CXX_LIBRARY = "libc++";
				CLANG_ENABLE_MODULES = YES;
				CLANG_ENABLE_OBJC_ARC = YES;
				CLANG_WARN_BLOCK_CAPTURE_AUTORELEASING = YES;
				CLANG_WARN_BOOL_CONVERSION = YES;
				CLANG_WARN_COMMA = YES;
				CLANG_WARN_CONSTANT_CONVERSION = YES;
				CLANG_WARN_DEPRECATED_OBJC_IMPLEMENTATIONS = YES;
				CLANG_WARN_DIRECT_OBJC_ISA_USAGE = YES_ERROR;
				CLANG_WARN_EMPTY_BODY = YES;
				CLANG_WARN_ENUM_CONVERSION = YES;
				CLANG_WARN_INFINITE_RECURSION = YES;
				CLANG_WARN_INT_CONVERSION = YES;
				CLANG_WARN_NON_LITERAL_NULL_CONVERSION = YES;
				CLANG_WARN_OBJC_IMPLICIT_RETAIN_SELF = YES;
				CLANG_WARN_OBJC_LITERAL_CONVERSION = YES;
				CLANG_WARN_OBJC_ROOT_CLASS = YES_ERROR;
				CLANG_WARN_RANGE_LOOP_ANALYSIS = YES;
				CLANG_WARN_STRICT_PROTOTYPES = YES;
				CLANG_WARN_SUSPICIOUS_MOVE = YES;
				CLANG_WARN_UNREACHABLE_CODE = YES;
				CLANG_WARN__DUPLICATE_METHOD_MATCH = YES;
				"CODE_SIGN_IDENTITY[sdk=iphoneos*]" = "iPhone Developer";
				COPY_PHASE_STRIP = YES;
				ENABLE_NS_ASSERTIONS = NO;
				ENABLE_STRICT_OBJC_MSGSEND = YES;
				GCC_C_LANGUAGE_STANDARD = gnu99;
				GCC_NO_COMMON_BLOCKS = YES;
				GCC_PREPROCESSOR_DEFINITIONS = "HAVE_GOOGLE_MAPS=1";
				GCC_WARN_64_TO_32_BIT_CONVERSION = YES;
				GCC_WARN_ABOUT_RETURN_TYPE = YES_ERROR;
				GCC_WARN_UNDECLARED_SELECTOR = YES;
				GCC_WARN_UNINITIALIZED_AUTOS = YES_AGGRESSIVE;
				GCC_WARN_UNUSED_FUNCTION = YES;
				GCC_WARN_UNUSED_VARIABLE = YES;
				IPHONEOS_DEPLOYMENT_TARGET = 9.0;
				MTL_ENABLE_DEBUG_INFO = NO;
				SDKROOT = iphoneos;
				VALIDATE_PRODUCT = YES;
			};
			name = Release;
		};
/* End XCBuildConfiguration section */

/* Begin XCConfigurationList section */
		00E357021AD99517003FC87E /* Build configuration list for PBXNativeTarget "cuisineTests" */ = {
			isa = XCConfigurationList;
			buildConfigurations = (
				00E356F61AD99517003FC87E /* Debug */,
				00E356F71AD99517003FC87E /* Release */,
			);
			defaultConfigurationIsVisible = 0;
			defaultConfigurationName = Release;
		};
		13B07F931A680F5B00A75B9A /* Build configuration list for PBXNativeTarget "cuisine" */ = {
			isa = XCConfigurationList;
			buildConfigurations = (
				13B07F941A680F5B00A75B9A /* Debug */,
				13B07F951A680F5B00A75B9A /* Release */,
			);
			defaultConfigurationIsVisible = 0;
			defaultConfigurationName = Release;
		};
		2D02E4BA1E0B4A5E006451C7 /* Build configuration list for PBXNativeTarget "cuisine-tvOS" */ = {
			isa = XCConfigurationList;
			buildConfigurations = (
				2D02E4971E0B4A5E006451C7 /* Debug */,
				2D02E4981E0B4A5E006451C7 /* Release */,
			);
			defaultConfigurationIsVisible = 0;
			defaultConfigurationName = Release;
		};
		2D02E4BB1E0B4A5E006451C7 /* Build configuration list for PBXNativeTarget "cuisine-tvOSTests" */ = {
			isa = XCConfigurationList;
			buildConfigurations = (
				2D02E4991E0B4A5E006451C7 /* Debug */,
				2D02E49A1E0B4A5E006451C7 /* Release */,
			);
			defaultConfigurationIsVisible = 0;
			defaultConfigurationName = Release;
		};
		83CBB9FA1A601CBA00E9B192 /* Build configuration list for PBXProject "cuisine" */ = {
			isa = XCConfigurationList;
			buildConfigurations = (
				83CBBA201A601CBA00E9B192 /* Debug */,
				83CBBA211A601CBA00E9B192 /* Release */,
			);
			defaultConfigurationIsVisible = 0;
			defaultConfigurationName = Release;
		};
/* End XCConfigurationList section */
	};
	rootObject = 83CBB9F71A601CBA00E9B192 /* Project object */;
}
